// !$*UTF8*$!
{
	archiveVersion = 1;
	classes = {
	};
	objectVersion = 50;
	objects = {

/* Begin PBXBuildFile section */
		9A93BB7924E42C70009E394E /* VMaxAdsSDK.h in Headers */ = {isa = PBXBuildFile; fileRef = 9A93BB7724E42C70009E394E /* VMaxAdsSDK.h */; settings = {ATTRIBUTES = (Public, ); }; };
		9AEA727524EAC407003DE3FA /* VMaxAdSDKResources.bundle in Resources */ = {isa = PBXBuildFile; fileRef = 9AEA724924EAC407003DE3FA /* VMaxAdSDKResources.bundle */; };
		9AEA727624EAC407003DE3FA /* VMaxAdInfo.h in Headers */ = {isa = PBXBuildFile; fileRef = 9AEA724D24EAC407003DE3FA /* VMaxAdInfo.h */; settings = {ATTRIBUTES = (Public, ); }; };
		9AEA727724EAC407003DE3FA /* VMaxVideoAd.h in Headers */ = {isa = PBXBuildFile; fileRef = 9AEA724E24EAC407003DE3FA /* VMaxVideoAd.h */; settings = {ATTRIBUTES = (Public, ); }; };
		9AEA727824EAC407003DE3FA /* VMaxViewabilityTracker.h in Headers */ = {isa = PBXBuildFile; fileRef = 9AEA724F24EAC407003DE3FA /* VMaxViewabilityTracker.h */; settings = {ATTRIBUTES = (Public, ); }; };
		9AEA727924EAC407003DE3FA /* VMaxAdPartner.h in Headers */ = {isa = PBXBuildFile; fileRef = 9AEA725024EAC407003DE3FA /* VMaxAdPartner.h */; settings = {ATTRIBUTES = (Public, ); }; };
		9AEA727A24EAC407003DE3FA /* VMaxNativeAd.h in Headers */ = {isa = PBXBuildFile; fileRef = 9AEA725124EAC407003DE3FA /* VMaxNativeAd.h */; settings = {ATTRIBUTES = (Public, ); }; };
		9AEA727B24EAC407003DE3FA /* VMaxAdCustomizer.h in Headers */ = {isa = PBXBuildFile; fileRef = 9AEA725224EAC407003DE3FA /* VMaxAdCustomizer.h */; settings = {ATTRIBUTES = (Public, ); }; };
		9AEA727C24EAC407003DE3FA /* VMAXPageCategory.h in Headers */ = {isa = PBXBuildFile; fileRef = 9AEA725324EAC407003DE3FA /* VMAXPageCategory.h */; settings = {ATTRIBUTES = (Public, ); }; };
		9AEA727D24EAC407003DE3FA /* VMAXSectionCategory.h in Headers */ = {isa = PBXBuildFile; fileRef = 9AEA725424EAC407003DE3FA /* VMAXSectionCategory.h */; settings = {ATTRIBUTES = (Public, ); }; };
		9AEA727E24EAC407003DE3FA /* VMaxError.h in Headers */ = {isa = PBXBuildFile; fileRef = 9AEA725524EAC407003DE3FA /* VMaxError.h */; settings = {ATTRIBUTES = (Public, ); }; };
		9AEA727F24EAC407003DE3FA /* VMaxCustomAdListener.h in Headers */ = {isa = PBXBuildFile; fileRef = 9AEA725624EAC407003DE3FA /* VMaxCustomAdListener.h */; settings = {ATTRIBUTES = (Public, ); }; };
		9AEA728024EAC407003DE3FA /* VMaxAdSDK-umbrella.h in Headers */ = {isa = PBXBuildFile; fileRef = 9AEA725724EAC407003DE3FA /* VMaxAdSDK-umbrella.h */; settings = {ATTRIBUTES = (Public, ); }; };
		9AEA728124EAC407003DE3FA /* VMaxCustomAd.h in Headers */ = {isa = PBXBuildFile; fileRef = 9AEA725824EAC407003DE3FA /* VMaxCustomAd.h */; settings = {ATTRIBUTES = (Public, ); }; };
		9AEA728224EAC407003DE3FA /* VMaxAdSDK.h in Headers */ = {isa = PBXBuildFile; fileRef = 9AEA725924EAC407003DE3FA /* VMaxAdSDK.h */; settings = {ATTRIBUTES = (Public, ); }; };
		9AEA728324EAC407003DE3FA /* VMaxNativeAdCSView.xib in Resources */ = {isa = PBXBuildFile; fileRef = 9AEA725C24EAC407003DE3FA /* VMaxNativeAdCSView.xib */; };
		9AEA728424EAC407003DE3FA /* DynamicInterstitialViewController.xib in Resources */ = {isa = PBXBuildFile; fileRef = 9AEA725E24EAC407003DE3FA /* DynamicInterstitialViewController.xib */; };
		9AEA728524EAC407003DE3FA /* VMaxNativeAdInFeedView.xib in Resources */ = {isa = PBXBuildFile; fileRef = 9AEA726024EAC407003DE3FA /* VMaxNativeAdInFeedView.xib */; };
		9AEA728624EAC407003DE3FA /* VMaxNativeIconAdView.xib in Resources */ = {isa = PBXBuildFile; fileRef = 9AEA726224EAC407003DE3FA /* VMaxNativeIconAdView.xib */; };
		9AEA728724EAC407003DE3FA /* VMaxNativeIconSmallPopupView.xib in Resources */ = {isa = PBXBuildFile; fileRef = 9AEA726324EAC407003DE3FA /* VMaxNativeIconSmallPopupView.xib */; };
		9AEA728824EAC407003DE3FA /* VMaxNativeIconAdmobBigPopupView.xib in Resources */ = {isa = PBXBuildFile; fileRef = 9AEA726424EAC407003DE3FA /* VMaxNativeIconAdmobBigPopupView.xib */; };
		9AEA728924EAC407003DE3FA /* VMaxNativeIconBigPopupView.xib in Resources */ = {isa = PBXBuildFile; fileRef = 9AEA726524EAC407003DE3FA /* VMaxNativeIconBigPopupView.xib */; };
		9AEA728A24EAC407003DE3FA /* VMaxNativeIconAdmobSmallPopupView.xib in Resources */ = {isa = PBXBuildFile; fileRef = 9AEA726624EAC407003DE3FA /* VMaxNativeIconAdmobSmallPopupView.xib */; };
		9AEA728B24EAC407003DE3FA /* close@3x.png in Resources */ = {isa = PBXBuildFile; fileRef = 9AEA726724EAC407003DE3FA /* close@3x.png */; };
		9AEA728C24EAC407003DE3FA /* close@2x.png in Resources */ = {isa = PBXBuildFile; fileRef = 9AEA726824EAC407003DE3FA /* close@2x.png */; };
		9AEA728D24EAC407003DE3FA /* close.png in Resources */ = {isa = PBXBuildFile; fileRef = 9AEA726924EAC407003DE3FA /* close.png */; };
		9AEA728E24EAC407003DE3FA /* VMaxAdDelegate.h in Headers */ = {isa = PBXBuildFile; fileRef = 9AEA726A24EAC407003DE3FA /* VMaxAdDelegate.h */; settings = {ATTRIBUTES = (Public, ); }; };
		9AEA728F24EAC407003DE3FA /* VMaxAdView.h in Headers */ = {isa = PBXBuildFile; fileRef = 9AEA726B24EAC407003DE3FA /* VMaxAdView.h */; settings = {ATTRIBUTES = (Public, ); }; };
		9AEA729024EAC407003DE3FA /* VMaxRequest.h in Headers */ = {isa = PBXBuildFile; fileRef = 9AEA726C24EAC407003DE3FA /* VMaxRequest.h */; settings = {ATTRIBUTES = (Public, ); }; };
		9AEA729124EAC407003DE3FA /* VMaxAdSettings.h in Headers */ = {isa = PBXBuildFile; fileRef = 9AEA726D24EAC407003DE3FA /* VMaxAdSettings.h */; settings = {ATTRIBUTES = (Public, ); }; };
		9AEA729224EAC407003DE3FA /* VMaxViewabilityAd.h in Headers */ = {isa = PBXBuildFile; fileRef = 9AEA726E24EAC407003DE3FA /* VMaxViewabilityAd.h */; settings = {ATTRIBUTES = (Public, ); }; };
		9AEA729324EAC407003DE3FA /* VMaxAdError.h in Headers */ = {isa = PBXBuildFile; fileRef = 9AEA726F24EAC407003DE3FA /* VMaxAdError.h */; settings = {ATTRIBUTES = (Public, ); }; };
		9AEA729424EAC407003DE3FA /* VMaxMediaView.h in Headers */ = {isa = PBXBuildFile; fileRef = 9AEA727024EAC407003DE3FA /* VMaxMediaView.h */; settings = {ATTRIBUTES = (Public, ); }; };
		9AEA729524EAC407003DE3FA /* VMaxAdEvent.h in Headers */ = {isa = PBXBuildFile; fileRef = 9AEA727224EAC407003DE3FA /* VMaxAdEvent.h */; settings = {ATTRIBUTES = (Public, ); }; };
		9AEA729624EAC407003DE3FA /* CompanionInfo.h in Headers */ = {isa = PBXBuildFile; fileRef = 9AEA727324EAC407003DE3FA /* CompanionInfo.h */; settings = {ATTRIBUTES = (Public, ); }; };
		9AEA729724EAC407003DE3FA /* libVMaxAdSDK.a in Frameworks */ = {isa = PBXBuildFile; fileRef = 9AEA727424EAC407003DE3FA /* libVMaxAdSDK.a */; };
/* End PBXBuildFile section */

/* Begin PBXFileReference section */
		9A93BB7424E42C70009E394E /* VMaxAdsSDK.framework */ = {isa = PBXFileReference; explicitFileType = wrapper.framework; includeInIndex = 0; path = VMaxAdsSDK.framework; sourceTree = BUILT_PRODUCTS_DIR; };
		9A93BB7724E42C70009E394E /* VMaxAdsSDK.h */ = {isa = PBXFileReference; lastKnownFileType = sourcecode.c.h; path = VMaxAdsSDK.h; sourceTree = "<group>"; };
		9A93BB7824E42C70009E394E /* Info.plist */ = {isa = PBXFileReference; lastKnownFileType = text.plist.xml; path = Info.plist; sourceTree = "<group>"; };
		9AEA724924EAC407003DE3FA /* VMaxAdSDKResources.bundle */ = {isa = PBXFileReference; lastKnownFileType = "wrapper.plug-in"; path = VMaxAdSDKResources.bundle; sourceTree = "<group>"; };
		9AEA724D24EAC407003DE3FA /* VMaxAdInfo.h */ = {isa = PBXFileReference; fileEncoding = 4; lastKnownFileType = sourcecode.c.h; path = VMaxAdInfo.h; sourceTree = "<group>"; };
		9AEA724E24EAC407003DE3FA /* VMaxVideoAd.h */ = {isa = PBXFileReference; fileEncoding = 4; lastKnownFileType = sourcecode.c.h; path = VMaxVideoAd.h; sourceTree = "<group>"; };
		9AEA724F24EAC407003DE3FA /* VMaxViewabilityTracker.h */ = {isa = PBXFileReference; fileEncoding = 4; lastKnownFileType = sourcecode.c.h; path = VMaxViewabilityTracker.h; sourceTree = "<group>"; };
		9AEA725024EAC407003DE3FA /* VMaxAdPartner.h */ = {isa = PBXFileReference; fileEncoding = 4; lastKnownFileType = sourcecode.c.h; path = VMaxAdPartner.h; sourceTree = "<group>"; };
		9AEA725124EAC407003DE3FA /* VMaxNativeAd.h */ = {isa = PBXFileReference; fileEncoding = 4; lastKnownFileType = sourcecode.c.h; path = VMaxNativeAd.h; sourceTree = "<group>"; };
		9AEA725224EAC407003DE3FA /* VMaxAdCustomizer.h */ = {isa = PBXFileReference; fileEncoding = 4; lastKnownFileType = sourcecode.c.h; path = VMaxAdCustomizer.h; sourceTree = "<group>"; };
		9AEA725324EAC407003DE3FA /* VMAXPageCategory.h */ = {isa = PBXFileReference; fileEncoding = 4; lastKnownFileType = sourcecode.c.h; path = VMAXPageCategory.h; sourceTree = "<group>"; };
		9AEA725424EAC407003DE3FA /* VMAXSectionCategory.h */ = {isa = PBXFileReference; fileEncoding = 4; lastKnownFileType = sourcecode.c.h; path = VMAXSectionCategory.h; sourceTree = "<group>"; };
		9AEA725524EAC407003DE3FA /* VMaxError.h */ = {isa = PBXFileReference; fileEncoding = 4; lastKnownFileType = sourcecode.c.h; path = VMaxError.h; sourceTree = "<group>"; };
		9AEA725624EAC407003DE3FA /* VMaxCustomAdListener.h */ = {isa = PBXFileReference; fileEncoding = 4; lastKnownFileType = sourcecode.c.h; path = VMaxCustomAdListener.h; sourceTree = "<group>"; };
		9AEA725724EAC407003DE3FA /* VMaxAdSDK-umbrella.h */ = {isa = PBXFileReference; fileEncoding = 4; lastKnownFileType = sourcecode.c.h; path = "VMaxAdSDK-umbrella.h"; sourceTree = "<group>"; };
		9AEA725824EAC407003DE3FA /* VMaxCustomAd.h */ = {isa = PBXFileReference; fileEncoding = 4; lastKnownFileType = sourcecode.c.h; path = VMaxCustomAd.h; sourceTree = "<group>"; };
		9AEA725924EAC407003DE3FA /* VMaxAdSDK.h */ = {isa = PBXFileReference; fileEncoding = 4; lastKnownFileType = sourcecode.c.h; path = VMaxAdSDK.h; sourceTree = "<group>"; };
		9AEA725C24EAC407003DE3FA /* VMaxNativeAdCSView.xib */ = {isa = PBXFileReference; fileEncoding = 4; lastKnownFileType = file.xib; path = VMaxNativeAdCSView.xib; sourceTree = "<group>"; };
		9AEA725E24EAC407003DE3FA /* DynamicInterstitialViewController.xib */ = {isa = PBXFileReference; fileEncoding = 4; lastKnownFileType = file.xib; path = DynamicInterstitialViewController.xib; sourceTree = "<group>"; };
		9AEA726024EAC407003DE3FA /* VMaxNativeAdInFeedView.xib */ = {isa = PBXFileReference; fileEncoding = 4; lastKnownFileType = file.xib; path = VMaxNativeAdInFeedView.xib; sourceTree = "<group>"; };
		9AEA726224EAC407003DE3FA /* VMaxNativeIconAdView.xib */ = {isa = PBXFileReference; fileEncoding = 4; lastKnownFileType = file.xib; path = VMaxNativeIconAdView.xib; sourceTree = "<group>"; };
		9AEA726324EAC407003DE3FA /* VMaxNativeIconSmallPopupView.xib */ = {isa = PBXFileReference; fileEncoding = 4; lastKnownFileType = file.xib; path = VMaxNativeIconSmallPopupView.xib; sourceTree = "<group>"; };
		9AEA726424EAC407003DE3FA /* VMaxNativeIconAdmobBigPopupView.xib */ = {isa = PBXFileReference; fileEncoding = 4; lastKnownFileType = file.xib; path = VMaxNativeIconAdmobBigPopupView.xib; sourceTree = "<group>"; };
		9AEA726524EAC407003DE3FA /* VMaxNativeIconBigPopupView.xib */ = {isa = PBXFileReference; fileEncoding = 4; lastKnownFileType = file.xib; path = VMaxNativeIconBigPopupView.xib; sourceTree = "<group>"; };
		9AEA726624EAC407003DE3FA /* VMaxNativeIconAdmobSmallPopupView.xib */ = {isa = PBXFileReference; fileEncoding = 4; lastKnownFileType = file.xib; path = VMaxNativeIconAdmobSmallPopupView.xib; sourceTree = "<group>"; };
		9AEA726724EAC407003DE3FA /* close@3x.png */ = {isa = PBXFileReference; lastKnownFileType = image.png; path = "close@3x.png"; sourceTree = "<group>"; };
		9AEA726824EAC407003DE3FA /* close@2x.png */ = {isa = PBXFileReference; lastKnownFileType = image.png; path = "close@2x.png"; sourceTree = "<group>"; };
		9AEA726924EAC407003DE3FA /* close.png */ = {isa = PBXFileReference; lastKnownFileType = image.png; path = close.png; sourceTree = "<group>"; };
		9AEA726A24EAC407003DE3FA /* VMaxAdDelegate.h */ = {isa = PBXFileReference; fileEncoding = 4; lastKnownFileType = sourcecode.c.h; path = VMaxAdDelegate.h; sourceTree = "<group>"; };
		9AEA726B24EAC407003DE3FA /* VMaxAdView.h */ = {isa = PBXFileReference; fileEncoding = 4; lastKnownFileType = sourcecode.c.h; path = VMaxAdView.h; sourceTree = "<group>"; };
		9AEA726C24EAC407003DE3FA /* VMaxRequest.h */ = {isa = PBXFileReference; fileEncoding = 4; lastKnownFileType = sourcecode.c.h; path = VMaxRequest.h; sourceTree = "<group>"; };
		9AEA726D24EAC407003DE3FA /* VMaxAdSettings.h */ = {isa = PBXFileReference; fileEncoding = 4; lastKnownFileType = sourcecode.c.h; path = VMaxAdSettings.h; sourceTree = "<group>"; };
		9AEA726E24EAC407003DE3FA /* VMaxViewabilityAd.h */ = {isa = PBXFileReference; fileEncoding = 4; lastKnownFileType = sourcecode.c.h; path = VMaxViewabilityAd.h; sourceTree = "<group>"; };
		9AEA726F24EAC407003DE3FA /* VMaxAdError.h */ = {isa = PBXFileReference; fileEncoding = 4; lastKnownFileType = sourcecode.c.h; path = VMaxAdError.h; sourceTree = "<group>"; };
		9AEA727024EAC407003DE3FA /* VMaxMediaView.h */ = {isa = PBXFileReference; fileEncoding = 4; lastKnownFileType = sourcecode.c.h; path = VMaxMediaView.h; sourceTree = "<group>"; };
		9AEA727124EAC407003DE3FA /* module.modulemap */ = {isa = PBXFileReference; fileEncoding = 4; lastKnownFileType = "sourcecode.module-map"; path = module.modulemap; sourceTree = "<group>"; };
		9AEA727224EAC407003DE3FA /* VMaxAdEvent.h */ = {isa = PBXFileReference; fileEncoding = 4; lastKnownFileType = sourcecode.c.h; path = VMaxAdEvent.h; sourceTree = "<group>"; };
		9AEA727324EAC407003DE3FA /* CompanionInfo.h */ = {isa = PBXFileReference; fileEncoding = 4; lastKnownFileType = sourcecode.c.h; path = CompanionInfo.h; sourceTree = "<group>"; };
		9AEA727424EAC407003DE3FA /* libVMaxAdSDK.a */ = {isa = PBXFileReference; lastKnownFileType = archive.ar; path = libVMaxAdSDK.a; sourceTree = "<group>"; };
/* End PBXFileReference section */

/* Begin PBXFrameworksBuildPhase section */
		9A93BB7124E42C70009E394E /* Frameworks */ = {
			isa = PBXFrameworksBuildPhase;
			buildActionMask = 2147483647;
			files = (
				9AEA729724EAC407003DE3FA /* libVMaxAdSDK.a in Frameworks */,
			);
			runOnlyForDeploymentPostprocessing = 0;
		};
/* End PBXFrameworksBuildPhase section */

/* Begin PBXGroup section */
		9A93BB6A24E42C70009E394E = {
			isa = PBXGroup;
			children = (
				9A93BB7624E42C70009E394E /* VMaxAdsSDK */,
				9A93BB7524E42C70009E394E /* Products */,
			);
			sourceTree = "<group>";
		};
		9A93BB7524E42C70009E394E /* Products */ = {
			isa = PBXGroup;
			children = (
				9A93BB7424E42C70009E394E /* VMaxAdsSDK.framework */,
			);
			name = Products;
			sourceTree = "<group>";
		};
		9A93BB7624E42C70009E394E /* VMaxAdsSDK */ = {
			isa = PBXGroup;
			children = (
				9AEA724824EAC407003DE3FA /* VMaxAdSDK */,
				9A93BB7724E42C70009E394E /* VMaxAdsSDK.h */,
				9A93BB7824E42C70009E394E /* Info.plist */,
			);
			path = VMaxAdsSDK;
			sourceTree = "<group>";
		};
		9AEA724824EAC407003DE3FA /* VMaxAdSDK */ = {
			isa = PBXGroup;
			children = (
				9AEA724924EAC407003DE3FA /* VMaxAdSDKResources.bundle */,
				9AEA724A24EAC407003DE3FA /* lib */,
			);
			path = VMaxAdSDK;
			sourceTree = "<group>";
		};
		9AEA724A24EAC407003DE3FA /* lib */ = {
			isa = PBXGroup;
			children = (
				9AEA724B24EAC407003DE3FA /* include */,
				9AEA727424EAC407003DE3FA /* libVMaxAdSDK.a */,
			);
			path = lib;
			sourceTree = "<group>";
		};
		9AEA724B24EAC407003DE3FA /* include */ = {
			isa = PBXGroup;
			children = (
				9AEA724C24EAC407003DE3FA /* VMaxAdSDK */,
			);
			path = include;
			sourceTree = "<group>";
		};
		9AEA724C24EAC407003DE3FA /* VMaxAdSDK */ = {
			isa = PBXGroup;
			children = (
				9AEA724D24EAC407003DE3FA /* VMaxAdInfo.h */,
				9AEA724E24EAC407003DE3FA /* VMaxVideoAd.h */,
				9AEA724F24EAC407003DE3FA /* VMaxViewabilityTracker.h */,
				9AEA725024EAC407003DE3FA /* VMaxAdPartner.h */,
				9AEA725124EAC407003DE3FA /* VMaxNativeAd.h */,
				9AEA725224EAC407003DE3FA /* VMaxAdCustomizer.h */,
				9AEA725324EAC407003DE3FA /* VMAXPageCategory.h */,
				9AEA725424EAC407003DE3FA /* VMAXSectionCategory.h */,
				9AEA725524EAC407003DE3FA /* VMaxError.h */,
				9AEA725624EAC407003DE3FA /* VMaxCustomAdListener.h */,
				9AEA725724EAC407003DE3FA /* VMaxAdSDK-umbrella.h */,
				9AEA725824EAC407003DE3FA /* VMaxCustomAd.h */,
				9AEA725924EAC407003DE3FA /* VMaxAdSDK.h */,
				9AEA725A24EAC407003DE3FA /* NativeHelperXib */,
				9AEA726A24EAC407003DE3FA /* VMaxAdDelegate.h */,
				9AEA726B24EAC407003DE3FA /* VMaxAdView.h */,
				9AEA726C24EAC407003DE3FA /* VMaxRequest.h */,
				9AEA726D24EAC407003DE3FA /* VMaxAdSettings.h */,
				9AEA726E24EAC407003DE3FA /* VMaxViewabilityAd.h */,
				9AEA726F24EAC407003DE3FA /* VMaxAdError.h */,
				9AEA727024EAC407003DE3FA /* VMaxMediaView.h */,
				9AEA727124EAC407003DE3FA /* module.modulemap */,
				9AEA727224EAC407003DE3FA /* VMaxAdEvent.h */,
				9AEA727324EAC407003DE3FA /* CompanionInfo.h */,
			);
			path = VMaxAdSDK;
			sourceTree = "<group>";
		};
		9AEA725A24EAC407003DE3FA /* NativeHelperXib */ = {
			isa = PBXGroup;
			children = (
				9AEA725B24EAC407003DE3FA /* VMaxNativeContentStreamAd */,
				9AEA725D24EAC407003DE3FA /* Dynamic InterstialAd */,
				9AEA725F24EAC407003DE3FA /* VMaxNativeInFeedAd */,
				9AEA726124EAC407003DE3FA /* VMaxNativeIconAd */,
			);
			path = NativeHelperXib;
			sourceTree = "<group>";
		};
		9AEA725B24EAC407003DE3FA /* VMaxNativeContentStreamAd */ = {
			isa = PBXGroup;
			children = (
				9AEA725C24EAC407003DE3FA /* VMaxNativeAdCSView.xib */,
			);
			path = VMaxNativeContentStreamAd;
			sourceTree = "<group>";
		};
		9AEA725D24EAC407003DE3FA /* Dynamic InterstialAd */ = {
			isa = PBXGroup;
			children = (
				9AEA725E24EAC407003DE3FA /* DynamicInterstitialViewController.xib */,
			);
			path = "Dynamic InterstialAd";
			sourceTree = "<group>";
		};
		9AEA725F24EAC407003DE3FA /* VMaxNativeInFeedAd */ = {
			isa = PBXGroup;
			children = (
				9AEA726024EAC407003DE3FA /* VMaxNativeAdInFeedView.xib */,
			);
			path = VMaxNativeInFeedAd;
			sourceTree = "<group>";
		};
		9AEA726124EAC407003DE3FA /* VMaxNativeIconAd */ = {
			isa = PBXGroup;
			children = (
				9AEA726224EAC407003DE3FA /* VMaxNativeIconAdView.xib */,
				9AEA726324EAC407003DE3FA /* VMaxNativeIconSmallPopupView.xib */,
				9AEA726424EAC407003DE3FA /* VMaxNativeIconAdmobBigPopupView.xib */,
				9AEA726524EAC407003DE3FA /* VMaxNativeIconBigPopupView.xib */,
				9AEA726624EAC407003DE3FA /* VMaxNativeIconAdmobSmallPopupView.xib */,
				9AEA726724EAC407003DE3FA /* close@3x.png */,
				9AEA726824EAC407003DE3FA /* close@2x.png */,
				9AEA726924EAC407003DE3FA /* close.png */,
			);
			path = VMaxNativeIconAd;
			sourceTree = "<group>";
		};
/* End PBXGroup section */

/* Begin PBXHeadersBuildPhase section */
		9A93BB6F24E42C70009E394E /* Headers */ = {
			isa = PBXHeadersBuildPhase;
			buildActionMask = 2147483647;
			files = (
				9AEA727B24EAC407003DE3FA /* VMaxAdCustomizer.h in Headers */,
				9AEA727E24EAC407003DE3FA /* VMaxError.h in Headers */,
				9AEA729424EAC407003DE3FA /* VMaxMediaView.h in Headers */,
				9A93BB7924E42C70009E394E /* VMaxAdsSDK.h in Headers */,
				9AEA727D24EAC407003DE3FA /* VMAXSectionCategory.h in Headers */,
				9AEA727724EAC407003DE3FA /* VMaxVideoAd.h in Headers */,
				9AEA729024EAC407003DE3FA /* VMaxRequest.h in Headers */,
				9AEA727A24EAC407003DE3FA /* VMaxNativeAd.h in Headers */,
				9AEA729524EAC407003DE3FA /* VMaxAdEvent.h in Headers */,
				9AEA728224EAC407003DE3FA /* VMaxAdSDK.h in Headers */,
				9AEA728024EAC407003DE3FA /* VMaxAdSDK-umbrella.h in Headers */,
				9AEA727924EAC407003DE3FA /* VMaxAdPartner.h in Headers */,
				9AEA729624EAC407003DE3FA /* CompanionInfo.h in Headers */,
				9AEA727F24EAC407003DE3FA /* VMaxCustomAdListener.h in Headers */,
				9AEA728124EAC407003DE3FA /* VMaxCustomAd.h in Headers */,
				9AEA727624EAC407003DE3FA /* VMaxAdInfo.h in Headers */,
				9AEA727824EAC407003DE3FA /* VMaxViewabilityTracker.h in Headers */,
				9AEA729224EAC407003DE3FA /* VMaxViewabilityAd.h in Headers */,
				9AEA729124EAC407003DE3FA /* VMaxAdSettings.h in Headers */,
				9AEA728E24EAC407003DE3FA /* VMaxAdDelegate.h in Headers */,
				9AEA728F24EAC407003DE3FA /* VMaxAdView.h in Headers */,
				9AEA729324EAC407003DE3FA /* VMaxAdError.h in Headers */,
				9AEA727C24EAC407003DE3FA /* VMAXPageCategory.h in Headers */,
			);
			runOnlyForDeploymentPostprocessing = 0;
		};
/* End PBXHeadersBuildPhase section */

/* Begin PBXNativeTarget section */
		9A93BB7324E42C70009E394E /* VMaxAdsSDK */ = {
			isa = PBXNativeTarget;
			buildConfigurationList = 9A93BB7C24E42C70009E394E /* Build configuration list for PBXNativeTarget "VMaxAdsSDK" */;
			buildPhases = (
				9A93BB6F24E42C70009E394E /* Headers */,
				9A93BB7024E42C70009E394E /* Sources */,
				9A93BB7124E42C70009E394E /* Frameworks */,
				9A93BB7224E42C70009E394E /* Resources */,
			);
			buildRules = (
			);
			dependencies = (
			);
			name = VMaxAdsSDK;
			productName = VMaxAdsSDK;
			productReference = 9A93BB7424E42C70009E394E /* VMaxAdsSDK.framework */;
			productType = "com.apple.product-type.framework";
		};
/* End PBXNativeTarget section */

/* Begin PBXProject section */
		9A93BB6B24E42C70009E394E /* Project object */ = {
			isa = PBXProject;
			attributes = {
				LastUpgradeCheck = 1150;
				ORGANIZATIONNAME = Cloy;
				TargetAttributes = {
					9A93BB7324E42C70009E394E = {
						CreatedOnToolsVersion = 11.5;
					};
				};
			};
			buildConfigurationList = 9A93BB6E24E42C70009E394E /* Build configuration list for PBXProject "VMaxAdsSDK" */;
			compatibilityVersion = "Xcode 9.3";
			developmentRegion = en;
			hasScannedForEncodings = 0;
			knownRegions = (
				en,
				Base,
			);
			mainGroup = 9A93BB6A24E42C70009E394E;
			productRefGroup = 9A93BB7524E42C70009E394E /* Products */;
			projectDirPath = "";
			projectRoot = "";
			targets = (
				9A93BB7324E42C70009E394E /* VMaxAdsSDK */,
			);
		};
/* End PBXProject section */

/* Begin PBXResourcesBuildPhase section */
		9A93BB7224E42C70009E394E /* Resources */ = {
			isa = PBXResourcesBuildPhase;
			buildActionMask = 2147483647;
			files = (
				9AEA728B24EAC407003DE3FA /* close@3x.png in Resources */,
				9AEA728A24EAC407003DE3FA /* VMaxNativeIconAdmobSmallPopupView.xib in Resources */,
				9AEA728324EAC407003DE3FA /* VMaxNativeAdCSView.xib in Resources */,
				9AEA728624EAC407003DE3FA /* VMaxNativeIconAdView.xib in Resources */,
				9AEA728524EAC407003DE3FA /* VMaxNativeAdInFeedView.xib in Resources */,
				9AEA727524EAC407003DE3FA /* VMaxAdSDKResources.bundle in Resources */,
				9AEA728D24EAC407003DE3FA /* close.png in Resources */,
				9AEA728924EAC407003DE3FA /* VMaxNativeIconBigPopupView.xib in Resources */,
				9AEA728724EAC407003DE3FA /* VMaxNativeIconSmallPopupView.xib in Resources */,
				9AEA728824EAC407003DE3FA /* VMaxNativeIconAdmobBigPopupView.xib in Resources */,
				9AEA728424EAC407003DE3FA /* DynamicInterstitialViewController.xib in Resources */,
				9AEA728C24EAC407003DE3FA /* close@2x.png in Resources */,
			);
			runOnlyForDeploymentPostprocessing = 0;
		};
/* End PBXResourcesBuildPhase section */

/* Begin PBXSourcesBuildPhase section */
		9A93BB7024E42C70009E394E /* Sources */ = {
			isa = PBXSourcesBuildPhase;
			buildActionMask = 2147483647;
			files = (
			);
			runOnlyForDeploymentPostprocessing = 0;
		};
/* End PBXSourcesBuildPhase section */

/* Begin XCBuildConfiguration section */
		9A93BB7A24E42C70009E394E /* Debug */ = {
			isa = XCBuildConfiguration;
			buildSettings = {
				ALWAYS_SEARCH_USER_PATHS = NO;
				CLANG_ANALYZER_NONNULL = YES;
				CLANG_ANALYZER_NUMBER_OBJECT_CONVERSION = YES_AGGRESSIVE;
				CLANG_CXX_LANGUAGE_STANDARD = "gnu++14";
				CLANG_CXX_LIBRARY = "libc++";
				CLANG_ENABLE_MODULES = YES;
				CLANG_ENABLE_OBJC_ARC = YES;
				CLANG_ENABLE_OBJC_WEAK = YES;
				CLANG_WARN_BLOCK_CAPTURE_AUTORELEASING = YES;
				CLANG_WARN_BOOL_CONVERSION = YES;
				CLANG_WARN_COMMA = YES;
				CLANG_WARN_CONSTANT_CONVERSION = YES;
				CLANG_WARN_DEPRECATED_OBJC_IMPLEMENTATIONS = YES;
				CLANG_WARN_DIRECT_OBJC_ISA_USAGE = YES_ERROR;
				CLANG_WARN_DOCUMENTATION_COMMENTS = YES;
				CLANG_WARN_EMPTY_BODY = YES;
				CLANG_WARN_ENUM_CONVERSION = YES;
				CLANG_WARN_INFINITE_RECURSION = YES;
				CLANG_WARN_INT_CONVERSION = YES;
				CLANG_WARN_NON_LITERAL_NULL_CONVERSION = YES;
				CLANG_WARN_OBJC_IMPLICIT_RETAIN_SELF = YES;
				CLANG_WARN_OBJC_LITERAL_CONVERSION = YES;
				CLANG_WARN_OBJC_ROOT_CLASS = YES_ERROR;
				CLANG_WARN_RANGE_LOOP_ANALYSIS = YES;
				CLANG_WARN_STRICT_PROTOTYPES = YES;
				CLANG_WARN_SUSPICIOUS_MOVE = YES;
				CLANG_WARN_UNGUARDED_AVAILABILITY = YES_AGGRESSIVE;
				CLANG_WARN_UNREACHABLE_CODE = YES;
				CLANG_WARN__DUPLICATE_METHOD_MATCH = YES;
				COPY_PHASE_STRIP = NO;
				CURRENT_PROJECT_VERSION = 1;
				DEBUG_INFORMATION_FORMAT = dwarf;
				ENABLE_STRICT_OBJC_MSGSEND = YES;
				ENABLE_TESTABILITY = YES;
				GCC_C_LANGUAGE_STANDARD = gnu11;
				GCC_DYNAMIC_NO_PIC = NO;
				GCC_NO_COMMON_BLOCKS = YES;
				GCC_OPTIMIZATION_LEVEL = 0;
				GCC_PREPROCESSOR_DEFINITIONS = (
					"DEBUG=1",
					"$(inherited)",
				);
				GCC_WARN_64_TO_32_BIT_CONVERSION = YES;
				GCC_WARN_ABOUT_RETURN_TYPE = YES_ERROR;
				GCC_WARN_UNDECLARED_SELECTOR = YES;
				GCC_WARN_UNINITIALIZED_AUTOS = YES_AGGRESSIVE;
				GCC_WARN_UNUSED_FUNCTION = YES;
				GCC_WARN_UNUSED_VARIABLE = YES;
				IPHONEOS_DEPLOYMENT_TARGET = 13.5;
				MTL_ENABLE_DEBUG_INFO = INCLUDE_SOURCE;
				MTL_FAST_MATH = YES;
				ONLY_ACTIVE_ARCH = YES;
				OTHER_LDFLAGS = (
					"-fobjc-arc",
					"-lstdc++",
					"-lxml2",
					"-ObjC",
				);
				SDKROOT = iphoneos;
				VERSIONING_SYSTEM = "apple-generic";
				VERSION_INFO_PREFIX = "";
			};
			name = Debug;
		};
		9A93BB7B24E42C70009E394E /* Release */ = {
			isa = XCBuildConfiguration;
			buildSettings = {
				ALWAYS_SEARCH_USER_PATHS = NO;
				CLANG_ANALYZER_NONNULL = YES;
				CLANG_ANALYZER_NUMBER_OBJECT_CONVERSION = YES_AGGRESSIVE;
				CLANG_CXX_LANGUAGE_STANDARD = "gnu++14";
				CLANG_CXX_LIBRARY = "libc++";
				CLANG_ENABLE_MODULES = YES;
				CLANG_ENABLE_OBJC_ARC = YES;
				CLANG_ENABLE_OBJC_WEAK = YES;
				CLANG_WARN_BLOCK_CAPTURE_AUTORELEASING = YES;
				CLANG_WARN_BOOL_CONVERSION = YES;
				CLANG_WARN_COMMA = YES;
				CLANG_WARN_CONSTANT_CONVERSION = YES;
				CLANG_WARN_DEPRECATED_OBJC_IMPLEMENTATIONS = YES;
				CLANG_WARN_DIRECT_OBJC_ISA_USAGE = YES_ERROR;
				CLANG_WARN_DOCUMENTATION_COMMENTS = YES;
				CLANG_WARN_EMPTY_BODY = YES;
				CLANG_WARN_ENUM_CONVERSION = YES;
				CLANG_WARN_INFINITE_RECURSION = YES;
				CLANG_WARN_INT_CONVERSION = YES;
				CLANG_WARN_NON_LITERAL_NULL_CONVERSION = YES;
				CLANG_WARN_OBJC_IMPLICIT_RETAIN_SELF = YES;
				CLANG_WARN_OBJC_LITERAL_CONVERSION = YES;
				CLANG_WARN_OBJC_ROOT_CLASS = YES_ERROR;
				CLANG_WARN_RANGE_LOOP_ANALYSIS = YES;
				CLANG_WARN_STRICT_PROTOTYPES = YES;
				CLANG_WARN_SUSPICIOUS_MOVE = YES;
				CLANG_WARN_UNGUARDED_AVAILABILITY = YES_AGGRESSIVE;
				CLANG_WARN_UNREACHABLE_CODE = YES;
				CLANG_WARN__DUPLICATE_METHOD_MATCH = YES;
				COPY_PHASE_STRIP = NO;
				CURRENT_PROJECT_VERSION = 1;
				DEBUG_INFORMATION_FORMAT = "dwarf-with-dsym";
				ENABLE_NS_ASSERTIONS = NO;
				ENABLE_STRICT_OBJC_MSGSEND = YES;
				GCC_C_LANGUAGE_STANDARD = gnu11;
				GCC_NO_COMMON_BLOCKS = YES;
				GCC_WARN_64_TO_32_BIT_CONVERSION = YES;
				GCC_WARN_ABOUT_RETURN_TYPE = YES_ERROR;
				GCC_WARN_UNDECLARED_SELECTOR = YES;
				GCC_WARN_UNINITIALIZED_AUTOS = YES_AGGRESSIVE;
				GCC_WARN_UNUSED_FUNCTION = YES;
				GCC_WARN_UNUSED_VARIABLE = YES;
				IPHONEOS_DEPLOYMENT_TARGET = 13.5;
				MTL_ENABLE_DEBUG_INFO = NO;
				MTL_FAST_MATH = YES;
				OTHER_LDFLAGS = (
					"-fobjc-arc",
					"-lstdc++",
					"-lxml2",
					"-ObjC",
				);
				SDKROOT = iphoneos;
				VALIDATE_PRODUCT = YES;
				VERSIONING_SYSTEM = "apple-generic";
				VERSION_INFO_PREFIX = "";
			};
			name = Release;
		};
		9A93BB7D24E42C70009E394E /* Debug */ = {
			isa = XCBuildConfiguration;
			buildSettings = {
				CODE_SIGN_STYLE = Automatic;
				DEFINES_MODULE = YES;
				DYLIB_COMPATIBILITY_VERSION = 1;
				DYLIB_CURRENT_VERSION = 1;
				DYLIB_INSTALL_NAME_BASE = "@rpath";
				INFOPLIST_FILE = VMaxAdsSDK/Info.plist;
				INSTALL_PATH = "$(LOCAL_LIBRARY_DIR)/Frameworks";
				LD_RUNPATH_SEARCH_PATHS = (
					"$(inherited)",
					"@executable_path/Frameworks",
					"@loader_path/Frameworks",
				);
				LIBRARY_SEARCH_PATHS = (
					"$(inherited)",
					"$(PROJECT_DIR)/VMaxAdSDK/lib",
					"$(PROJECT_DIR)/VMaxAdsSDK/VMaxAdSDK/lib",
				);
				PRODUCT_BUNDLE_IDENTIFIER = com.ios.VMaxAdsSDK;
				PRODUCT_NAME = "$(TARGET_NAME:c99extidentifier)";
				SKIP_INSTALL = YES;
				TARGETED_DEVICE_FAMILY = "1,2";
			};
			name = Debug;
		};
		9A93BB7E24E42C70009E394E /* Release */ = {
			isa = XCBuildConfiguration;
			buildSettings = {
				CODE_SIGN_STYLE = Automatic;
				DEFINES_MODULE = YES;
				DYLIB_COMPATIBILITY_VERSION = 1;
				DYLIB_CURRENT_VERSION = 1;
				DYLIB_INSTALL_NAME_BASE = "@rpath";
				INFOPLIST_FILE = VMaxAdsSDK/Info.plist;
				INSTALL_PATH = "$(LOCAL_LIBRARY_DIR)/Frameworks";
				LD_RUNPATH_SEARCH_PATHS = (
					"$(inherited)",
					"@executable_path/Frameworks",
					"@loader_path/Frameworks",
				);
				LIBRARY_SEARCH_PATHS = (
					"$(inherited)",
					"$(PROJECT_DIR)/VMaxAdSDK/lib",
					"$(PROJECT_DIR)/VMaxAdsSDK/VMaxAdSDK/lib",
				);
				PRODUCT_BUNDLE_IDENTIFIER = com.ios.VMaxAdsSDK;
				PRODUCT_NAME = "$(TARGET_NAME:c99extidentifier)";
				SKIP_INSTALL = YES;
				TARGETED_DEVICE_FAMILY = "1,2";
			};
			name = Release;
		};
/* End XCBuildConfiguration section */

/* Begin XCConfigurationList section */
		9A93BB6E24E42C70009E394E /* Build configuration list for PBXProject "VMaxAdsSDK" */ = {
			isa = XCConfigurationList;
			buildConfigurations = (
				9A93BB7A24E42C70009E394E /* Debug */,
				9A93BB7B24E42C70009E394E /* Release */,
			);
			defaultConfigurationIsVisible = 0;
			defaultConfigurationName = Release;
		};
		9A93BB7C24E42C70009E394E /* Build configuration list for PBXNativeTarget "VMaxAdsSDK" */ = {
			isa = XCConfigurationList;
			buildConfigurations = (
				9A93BB7D24E42C70009E394E /* Debug */,
				9A93BB7E24E42C70009E394E /* Release */,
			);
			defaultConfigurationIsVisible = 0;
			defaultConfigurationName = Release;
		};
/* End XCConfigurationList section */
	};
	rootObject = 9A93BB6B24E42C70009E394E /* Project object */;
}
