// !$*UTF8*$!
{
	archiveVersion = 1;
	classes = {
	};
	objectVersion = 50;
	objects = {

/* Begin PBXBuildFile section */
		9A8C5F0527A2D29B00810431 /* VMaxAdSDKResources.bundle in Resources */ = {isa = PBXBuildFile; fileRef = 9A8C5ED027A2D29B00810431 /* VMaxAdSDKResources.bundle */; };
		9A8C5F0627A2D29B00810431 /* VMaxAdBreak.h in Headers */ = {isa = PBXBuildFile; fileRef = 9A8C5ED427A2D29B00810431 /* VMaxAdBreak.h */; settings = {ATTRIBUTES = (Public, ); }; };
		9A8C5F0727A2D29B00810431 /* VmaxAdFactory.h in Headers */ = {isa = PBXBuildFile; fileRef = 9A8C5ED527A2D29B00810431 /* VmaxAdFactory.h */; settings = {ATTRIBUTES = (Public, ); }; };
		9A8C5F0827A2D29B00810431 /* VMaxAdInfo.h in Headers */ = {isa = PBXBuildFile; fileRef = 9A8C5ED627A2D29B00810431 /* VMaxAdInfo.h */; settings = {ATTRIBUTES = (Public, ); }; };
		9A8C5F0927A2D29B00810431 /* VMaxAdTracker.h in Headers */ = {isa = PBXBuildFile; fileRef = 9A8C5ED727A2D29B00810431 /* VMaxAdTracker.h */; settings = {ATTRIBUTES = (Public, ); }; };
		9A8C5F0A27A2D29B00810431 /* VMaxVideoAd.h in Headers */ = {isa = PBXBuildFile; fileRef = 9A8C5ED827A2D29B00810431 /* VMaxVideoAd.h */; settings = {ATTRIBUTES = (Public, ); }; };
		9A8C5F0B27A2D29B00810431 /* VMaxViewabilityTracker.h in Headers */ = {isa = PBXBuildFile; fileRef = 9A8C5ED927A2D29B00810431 /* VMaxViewabilityTracker.h */; settings = {ATTRIBUTES = (Public, ); }; };
		9A8C5F0C27A2D29B00810431 /* VMaxAdEvents.h in Headers */ = {isa = PBXBuildFile; fileRef = 9A8C5EDA27A2D29B00810431 /* VMaxAdEvents.h */; settings = {ATTRIBUTES = (Public, ); }; };
		9A8C5F0D27A2D29B00810431 /* VMaxAdPartner.h in Headers */ = {isa = PBXBuildFile; fileRef = 9A8C5EDB27A2D29B00810431 /* VMaxAdPartner.h */; settings = {ATTRIBUTES = (Public, ); }; };
		9A8C5F0E27A2D29B00810431 /* VMaxNativeAd.h in Headers */ = {isa = PBXBuildFile; fileRef = 9A8C5EDC27A2D29B00810431 /* VMaxNativeAd.h */; settings = {ATTRIBUTES = (Public, ); }; };
		9A8C5F0F27A2D29B00810431 /* VMaxAdCustomizer.h in Headers */ = {isa = PBXBuildFile; fileRef = 9A8C5EDD27A2D29B00810431 /* VMaxAdCustomizer.h */; settings = {ATTRIBUTES = (Public, ); }; };
		9A8C5F1027A2D29B00810431 /* VMAXPageCategory.h in Headers */ = {isa = PBXBuildFile; fileRef = 9A8C5EDE27A2D29B00810431 /* VMAXPageCategory.h */; settings = {ATTRIBUTES = (Public, ); }; };
		9A8C5F1127A2D29B00810431 /* VMAXSectionCategory.h in Headers */ = {isa = PBXBuildFile; fileRef = 9A8C5EDF27A2D29B00810431 /* VMAXSectionCategory.h */; settings = {ATTRIBUTES = (Public, ); }; };
		9A8C5F1227A2D29B00810431 /* VmaxRequestListener.h in Headers */ = {isa = PBXBuildFile; fileRef = 9A8C5EE027A2D29B00810431 /* VmaxRequestListener.h */; settings = {ATTRIBUTES = (Public, ); }; };
		9A8C5F1327A2D29B00810431 /* IOperationInterface.h in Headers */ = {isa = PBXBuildFile; fileRef = 9A8C5EE127A2D29B00810431 /* IOperationInterface.h */; settings = {ATTRIBUTES = (Public, ); }; };
		9A8C5F1427A2D29B00810431 /* VMaxError.h in Headers */ = {isa = PBXBuildFile; fileRef = 9A8C5EE227A2D29B00810431 /* VMaxError.h */; settings = {ATTRIBUTES = (Public, ); }; };
		9A8C5F1527A2D29B00810431 /* VmaxTrackerException.h in Headers */ = {isa = PBXBuildFile; fileRef = 9A8C5EE327A2D29B00810431 /* VmaxTrackerException.h */; settings = {ATTRIBUTES = (Public, ); }; };
		9A8C5F1627A2D29B00810431 /* VMaxAd.h in Headers */ = {isa = PBXBuildFile; fileRef = 9A8C5EE427A2D29B00810431 /* VMaxAd.h */; settings = {ATTRIBUTES = (Public, ); }; };
		9A8C5F1727A2D29B00810431 /* IOperationEventReceiver.h in Headers */ = {isa = PBXBuildFile; fileRef = 9A8C5EE527A2D29B00810431 /* IOperationEventReceiver.h */; settings = {ATTRIBUTES = (Public, ); }; };
		9A8C5F1827A2D29B00810431 /* VMaxCustomAdListener.h in Headers */ = {isa = PBXBuildFile; fileRef = 9A8C5EE627A2D29B00810431 /* VMaxCustomAdListener.h */; settings = {ATTRIBUTES = (Public, ); }; };
		9A8C5F1927A2D29B00810431 /* VMaxAdSDK-umbrella.h in Headers */ = {isa = PBXBuildFile; fileRef = 9A8C5EE727A2D29B00810431 /* VMaxAdSDK-umbrella.h */; settings = {ATTRIBUTES = (Public, ); }; };
		9A8C5F1A27A2D29B00810431 /* VMaxCustomAd.h in Headers */ = {isa = PBXBuildFile; fileRef = 9A8C5EE827A2D29B00810431 /* VMaxCustomAd.h */; settings = {ATTRIBUTES = (Public, ); }; };
		9A8C5F1B27A2D29B00810431 /* VmaxDataListener.h in Headers */ = {isa = PBXBuildFile; fileRef = 9A8C5EE927A2D29B00810431 /* VmaxDataListener.h */; settings = {ATTRIBUTES = (Public, ); }; };
		9A8C5F1C27A2D29B00810431 /* VmaxNativeAdLayoutFactory.h in Headers */ = {isa = PBXBuildFile; fileRef = 9A8C5EEA27A2D29B00810431 /* VmaxNativeAdLayoutFactory.h */; settings = {ATTRIBUTES = (Public, ); }; };
		9A8C5F1D27A2D29B00810431 /* VMaxCache.h in Headers */ = {isa = PBXBuildFile; fileRef = 9A8C5EEB27A2D29B00810431 /* VMaxCache.h */; settings = {ATTRIBUTES = (Public, ); }; };
		9A8C5F1E27A2D29B00810431 /* IAdsReordering.h in Headers */ = {isa = PBXBuildFile; fileRef = 9A8C5EEC27A2D29B00810431 /* IAdsReordering.h */; settings = {ATTRIBUTES = (Public, ); }; };
		9A8C5F1F27A2D29B00810431 /* VMaxAdSDK.h in Headers */ = {isa = PBXBuildFile; fileRef = 9A8C5EED27A2D29B00810431 /* VMaxAdSDK.h */; settings = {ATTRIBUTES = (Public, ); }; };
		9A8C5F2027A2D29B00810431 /* VMaxEventTracker.h in Headers */ = {isa = PBXBuildFile; fileRef = 9A8C5EEE27A2D29B00810431 /* VMaxEventTracker.h */; settings = {ATTRIBUTES = (Public, ); }; };
		9A8C5F2127A2D29B00810431 /* VMaxAdDelegate.h in Headers */ = {isa = PBXBuildFile; fileRef = 9A8C5EEF27A2D29B00810431 /* VMaxAdDelegate.h */; settings = {ATTRIBUTES = (Public, ); }; };
		9A8C5F2227A2D29B00810431 /* VMaxAdView.h in Headers */ = {isa = PBXBuildFile; fileRef = 9A8C5EF027A2D29B00810431 /* VMaxAdView.h */; settings = {ATTRIBUTES = (Public, ); }; };
		9A8C5F2327A2D29B00810431 /* VMaxAdBreakEvents.h in Headers */ = {isa = PBXBuildFile; fileRef = 9A8C5EF127A2D29B00810431 /* VMaxAdBreakEvents.h */; settings = {ATTRIBUTES = (Public, ); }; };
		9A8C5F2427A2D29B00810431 /* VMaxRequest.h in Headers */ = {isa = PBXBuildFile; fileRef = 9A8C5EF227A2D29B00810431 /* VMaxRequest.h */; settings = {ATTRIBUTES = (Public, ); }; };
		9A8C5F2527A2D29B00810431 /* VMaxAdSettings.h in Headers */ = {isa = PBXBuildFile; fileRef = 9A8C5EF327A2D29B00810431 /* VMaxAdSettings.h */; settings = {ATTRIBUTES = (Public, ); }; };
		9A8C5F2627A2D29B00810431 /* VMaxOrganicRequest.h in Headers */ = {isa = PBXBuildFile; fileRef = 9A8C5EF427A2D29B00810431 /* VMaxOrganicRequest.h */; settings = {ATTRIBUTES = (Public, ); }; };
		9A8C5F2727A2D29B00810431 /* VMaxViewabilityAd.h in Headers */ = {isa = PBXBuildFile; fileRef = 9A8C5EF527A2D29B00810431 /* VMaxViewabilityAd.h */; settings = {ATTRIBUTES = (Public, ); }; };
		9A8C5F2827A2D29B00810431 /* VmaxOperationMediator.h in Headers */ = {isa = PBXBuildFile; fileRef = 9A8C5EF627A2D29B00810431 /* VmaxOperationMediator.h */; settings = {ATTRIBUTES = (Public, ); }; };
		9A8C5F2927A2D29B00810431 /* VMaxTimeout.h in Headers */ = {isa = PBXBuildFile; fileRef = 9A8C5EF727A2D29B00810431 /* VMaxTimeout.h */; settings = {ATTRIBUTES = (Public, ); }; };
		9A8C5F2A27A2D29B00810431 /* VmaxAdTemplateListener.h in Headers */ = {isa = PBXBuildFile; fileRef = 9A8C5EF827A2D29B00810431 /* VmaxAdTemplateListener.h */; settings = {ATTRIBUTES = (Public, ); }; };
		9A8C5F2B27A2D29B00810431 /* VMaxAdError.h in Headers */ = {isa = PBXBuildFile; fileRef = 9A8C5EF927A2D29B00810431 /* VMaxAdError.h */; settings = {ATTRIBUTES = (Public, ); }; };
		9A8C5F2C27A2D29B00810431 /* AdViewMetaData.h in Headers */ = {isa = PBXBuildFile; fileRef = 9A8C5EFA27A2D29B00810431 /* AdViewMetaData.h */; settings = {ATTRIBUTES = (Public, ); }; };
		9A8C5F2D27A2D29B00810431 /* VMaxMediaView.h in Headers */ = {isa = PBXBuildFile; fileRef = 9A8C5EFB27A2D29B00810431 /* VMaxMediaView.h */; settings = {ATTRIBUTES = (Public, ); }; };
		9A8C5F2E27A2D29B00810431 /* VmaxAdSpot.h in Headers */ = {isa = PBXBuildFile; fileRef = 9A8C5EFD27A2D29B00810431 /* VmaxAdSpot.h */; settings = {ATTRIBUTES = (Public, ); }; };
		9A8C5F2F27A2D29B00810431 /* VMaxAdMetaData.h in Headers */ = {isa = PBXBuildFile; fileRef = 9A8C5EFE27A2D29B00810431 /* VMaxAdMetaData.h */; settings = {ATTRIBUTES = (Public, ); }; };
		9A8C5F3027A2D29B00810431 /* ICompanionEventsReceiver.h in Headers */ = {isa = PBXBuildFile; fileRef = 9A8C5EFF27A2D29B00810431 /* ICompanionEventsReceiver.h */; settings = {ATTRIBUTES = (Public, ); }; };
		9A8C5F3127A2D29B00810431 /* VMaxAdEvent.h in Headers */ = {isa = PBXBuildFile; fileRef = 9A8C5F0027A2D29B00810431 /* VMaxAdEvent.h */; settings = {ATTRIBUTES = (Public, ); }; };
		9A8C5F3227A2D29B00810431 /* VMaxCompanionDelegate.h in Headers */ = {isa = PBXBuildFile; fileRef = 9A8C5F0127A2D29B00810431 /* VMaxCompanionDelegate.h */; settings = {ATTRIBUTES = (Public, ); }; };
		9A8C5F3327A2D29B00810431 /* VmaxTracker.h in Headers */ = {isa = PBXBuildFile; fileRef = 9A8C5F0227A2D29B00810431 /* VmaxTracker.h */; settings = {ATTRIBUTES = (Public, ); }; };
		9A8C5F3427A2D29B00810431 /* CompanionInfo.h in Headers */ = {isa = PBXBuildFile; fileRef = 9A8C5F0327A2D29B00810431 /* CompanionInfo.h */; settings = {ATTRIBUTES = (Public, ); }; };
		9A8C5F3527A2D29C00810431 /* libVMaxAdSDK.a in Frameworks */ = {isa = PBXBuildFile; fileRef = 9A8C5F0427A2D29B00810431 /* libVMaxAdSDK.a */; };
		9A93BB7924E42C70009E394E /* VMaxAdsSDK.h in Headers */ = {isa = PBXBuildFile; fileRef = 9A93BB7724E42C70009E394E /* VMaxAdsSDK.h */; settings = {ATTRIBUTES = (Public, ); }; };
/* End PBXBuildFile section */

/* Begin PBXFileReference section */
		9A8C5ED027A2D29B00810431 /* VMaxAdSDKResources.bundle */ = {isa = PBXFileReference; lastKnownFileType = "wrapper.plug-in"; path = VMaxAdSDKResources.bundle; sourceTree = "<group>"; };
		9A8C5ED427A2D29B00810431 /* VMaxAdBreak.h */ = {isa = PBXFileReference; fileEncoding = 4; lastKnownFileType = sourcecode.c.h; path = VMaxAdBreak.h; sourceTree = "<group>"; };
		9A8C5ED527A2D29B00810431 /* VmaxAdFactory.h */ = {isa = PBXFileReference; fileEncoding = 4; lastKnownFileType = sourcecode.c.h; path = VmaxAdFactory.h; sourceTree = "<group>"; };
		9A8C5ED627A2D29B00810431 /* VMaxAdInfo.h */ = {isa = PBXFileReference; fileEncoding = 4; lastKnownFileType = sourcecode.c.h; path = VMaxAdInfo.h; sourceTree = "<group>"; };
		9A8C5ED727A2D29B00810431 /* VMaxAdTracker.h */ = {isa = PBXFileReference; fileEncoding = 4; lastKnownFileType = sourcecode.c.h; path = VMaxAdTracker.h; sourceTree = "<group>"; };
		9A8C5ED827A2D29B00810431 /* VMaxVideoAd.h */ = {isa = PBXFileReference; fileEncoding = 4; lastKnownFileType = sourcecode.c.h; path = VMaxVideoAd.h; sourceTree = "<group>"; };
		9A8C5ED927A2D29B00810431 /* VMaxViewabilityTracker.h */ = {isa = PBXFileReference; fileEncoding = 4; lastKnownFileType = sourcecode.c.h; path = VMaxViewabilityTracker.h; sourceTree = "<group>"; };
		9A8C5EDA27A2D29B00810431 /* VMaxAdEvents.h */ = {isa = PBXFileReference; fileEncoding = 4; lastKnownFileType = sourcecode.c.h; path = VMaxAdEvents.h; sourceTree = "<group>"; };
		9A8C5EDB27A2D29B00810431 /* VMaxAdPartner.h */ = {isa = PBXFileReference; fileEncoding = 4; lastKnownFileType = sourcecode.c.h; path = VMaxAdPartner.h; sourceTree = "<group>"; };
		9A8C5EDC27A2D29B00810431 /* VMaxNativeAd.h */ = {isa = PBXFileReference; fileEncoding = 4; lastKnownFileType = sourcecode.c.h; path = VMaxNativeAd.h; sourceTree = "<group>"; };
		9A8C5EDD27A2D29B00810431 /* VMaxAdCustomizer.h */ = {isa = PBXFileReference; fileEncoding = 4; lastKnownFileType = sourcecode.c.h; path = VMaxAdCustomizer.h; sourceTree = "<group>"; };
		9A8C5EDE27A2D29B00810431 /* VMAXPageCategory.h */ = {isa = PBXFileReference; fileEncoding = 4; lastKnownFileType = sourcecode.c.h; path = VMAXPageCategory.h; sourceTree = "<group>"; };
		9A8C5EDF27A2D29B00810431 /* VMAXSectionCategory.h */ = {isa = PBXFileReference; fileEncoding = 4; lastKnownFileType = sourcecode.c.h; path = VMAXSectionCategory.h; sourceTree = "<group>"; };
		9A8C5EE027A2D29B00810431 /* VmaxRequestListener.h */ = {isa = PBXFileReference; fileEncoding = 4; lastKnownFileType = sourcecode.c.h; path = VmaxRequestListener.h; sourceTree = "<group>"; };
		9A8C5EE127A2D29B00810431 /* IOperationInterface.h */ = {isa = PBXFileReference; fileEncoding = 4; lastKnownFileType = sourcecode.c.h; path = IOperationInterface.h; sourceTree = "<group>"; };
		9A8C5EE227A2D29B00810431 /* VMaxError.h */ = {isa = PBXFileReference; fileEncoding = 4; lastKnownFileType = sourcecode.c.h; path = VMaxError.h; sourceTree = "<group>"; };
		9A8C5EE327A2D29B00810431 /* VmaxTrackerException.h */ = {isa = PBXFileReference; fileEncoding = 4; lastKnownFileType = sourcecode.c.h; path = VmaxTrackerException.h; sourceTree = "<group>"; };
		9A8C5EE427A2D29B00810431 /* VMaxAd.h */ = {isa = PBXFileReference; fileEncoding = 4; lastKnownFileType = sourcecode.c.h; path = VMaxAd.h; sourceTree = "<group>"; };
		9A8C5EE527A2D29B00810431 /* IOperationEventReceiver.h */ = {isa = PBXFileReference; fileEncoding = 4; lastKnownFileType = sourcecode.c.h; path = IOperationEventReceiver.h; sourceTree = "<group>"; };
		9A8C5EE627A2D29B00810431 /* VMaxCustomAdListener.h */ = {isa = PBXFileReference; fileEncoding = 4; lastKnownFileType = sourcecode.c.h; path = VMaxCustomAdListener.h; sourceTree = "<group>"; };
		9A8C5EE727A2D29B00810431 /* VMaxAdSDK-umbrella.h */ = {isa = PBXFileReference; fileEncoding = 4; lastKnownFileType = sourcecode.c.h; path = "VMaxAdSDK-umbrella.h"; sourceTree = "<group>"; };
		9A8C5EE827A2D29B00810431 /* VMaxCustomAd.h */ = {isa = PBXFileReference; fileEncoding = 4; lastKnownFileType = sourcecode.c.h; path = VMaxCustomAd.h; sourceTree = "<group>"; };
		9A8C5EE927A2D29B00810431 /* VmaxDataListener.h */ = {isa = PBXFileReference; fileEncoding = 4; lastKnownFileType = sourcecode.c.h; path = VmaxDataListener.h; sourceTree = "<group>"; };
		9A8C5EEA27A2D29B00810431 /* VmaxNativeAdLayoutFactory.h */ = {isa = PBXFileReference; fileEncoding = 4; lastKnownFileType = sourcecode.c.h; path = VmaxNativeAdLayoutFactory.h; sourceTree = "<group>"; };
		9A8C5EEB27A2D29B00810431 /* VMaxCache.h */ = {isa = PBXFileReference; fileEncoding = 4; lastKnownFileType = sourcecode.c.h; path = VMaxCache.h; sourceTree = "<group>"; };
		9A8C5EEC27A2D29B00810431 /* IAdsReordering.h */ = {isa = PBXFileReference; fileEncoding = 4; lastKnownFileType = sourcecode.c.h; path = IAdsReordering.h; sourceTree = "<group>"; };
		9A8C5EED27A2D29B00810431 /* VMaxAdSDK.h */ = {isa = PBXFileReference; fileEncoding = 4; lastKnownFileType = sourcecode.c.h; path = VMaxAdSDK.h; sourceTree = "<group>"; };
		9A8C5EEE27A2D29B00810431 /* VMaxEventTracker.h */ = {isa = PBXFileReference; fileEncoding = 4; lastKnownFileType = sourcecode.c.h; path = VMaxEventTracker.h; sourceTree = "<group>"; };
		9A8C5EEF27A2D29B00810431 /* VMaxAdDelegate.h */ = {isa = PBXFileReference; fileEncoding = 4; lastKnownFileType = sourcecode.c.h; path = VMaxAdDelegate.h; sourceTree = "<group>"; };
		9A8C5EF027A2D29B00810431 /* VMaxAdView.h */ = {isa = PBXFileReference; fileEncoding = 4; lastKnownFileType = sourcecode.c.h; path = VMaxAdView.h; sourceTree = "<group>"; };
		9A8C5EF127A2D29B00810431 /* VMaxAdBreakEvents.h */ = {isa = PBXFileReference; fileEncoding = 4; lastKnownFileType = sourcecode.c.h; path = VMaxAdBreakEvents.h; sourceTree = "<group>"; };
		9A8C5EF227A2D29B00810431 /* VMaxRequest.h */ = {isa = PBXFileReference; fileEncoding = 4; lastKnownFileType = sourcecode.c.h; path = VMaxRequest.h; sourceTree = "<group>"; };
		9A8C5EF327A2D29B00810431 /* VMaxAdSettings.h */ = {isa = PBXFileReference; fileEncoding = 4; lastKnownFileType = sourcecode.c.h; path = VMaxAdSettings.h; sourceTree = "<group>"; };
		9A8C5EF427A2D29B00810431 /* VMaxOrganicRequest.h */ = {isa = PBXFileReference; fileEncoding = 4; lastKnownFileType = sourcecode.c.h; path = VMaxOrganicRequest.h; sourceTree = "<group>"; };
		9A8C5EF527A2D29B00810431 /* VMaxViewabilityAd.h */ = {isa = PBXFileReference; fileEncoding = 4; lastKnownFileType = sourcecode.c.h; path = VMaxViewabilityAd.h; sourceTree = "<group>"; };
		9A8C5EF627A2D29B00810431 /* VmaxOperationMediator.h */ = {isa = PBXFileReference; fileEncoding = 4; lastKnownFileType = sourcecode.c.h; path = VmaxOperationMediator.h; sourceTree = "<group>"; };
		9A8C5EF727A2D29B00810431 /* VMaxTimeout.h */ = {isa = PBXFileReference; fileEncoding = 4; lastKnownFileType = sourcecode.c.h; path = VMaxTimeout.h; sourceTree = "<group>"; };
		9A8C5EF827A2D29B00810431 /* VmaxAdTemplateListener.h */ = {isa = PBXFileReference; fileEncoding = 4; lastKnownFileType = sourcecode.c.h; path = VmaxAdTemplateListener.h; sourceTree = "<group>"; };
		9A8C5EF927A2D29B00810431 /* VMaxAdError.h */ = {isa = PBXFileReference; fileEncoding = 4; lastKnownFileType = sourcecode.c.h; path = VMaxAdError.h; sourceTree = "<group>"; };
		9A8C5EFA27A2D29B00810431 /* AdViewMetaData.h */ = {isa = PBXFileReference; fileEncoding = 4; lastKnownFileType = sourcecode.c.h; path = AdViewMetaData.h; sourceTree = "<group>"; };
		9A8C5EFB27A2D29B00810431 /* VMaxMediaView.h */ = {isa = PBXFileReference; fileEncoding = 4; lastKnownFileType = sourcecode.c.h; path = VMaxMediaView.h; sourceTree = "<group>"; };
		9A8C5EFC27A2D29B00810431 /* module.modulemap */ = {isa = PBXFileReference; fileEncoding = 4; lastKnownFileType = "sourcecode.module-map"; path = module.modulemap; sourceTree = "<group>"; };
		9A8C5EFD27A2D29B00810431 /* VmaxAdSpot.h */ = {isa = PBXFileReference; fileEncoding = 4; lastKnownFileType = sourcecode.c.h; path = VmaxAdSpot.h; sourceTree = "<group>"; };
		9A8C5EFE27A2D29B00810431 /* VMaxAdMetaData.h */ = {isa = PBXFileReference; fileEncoding = 4; lastKnownFileType = sourcecode.c.h; path = VMaxAdMetaData.h; sourceTree = "<group>"; };
		9A8C5EFF27A2D29B00810431 /* ICompanionEventsReceiver.h */ = {isa = PBXFileReference; fileEncoding = 4; lastKnownFileType = sourcecode.c.h; path = ICompanionEventsReceiver.h; sourceTree = "<group>"; };
		9A8C5F0027A2D29B00810431 /* VMaxAdEvent.h */ = {isa = PBXFileReference; fileEncoding = 4; lastKnownFileType = sourcecode.c.h; path = VMaxAdEvent.h; sourceTree = "<group>"; };
		9A8C5F0127A2D29B00810431 /* VMaxCompanionDelegate.h */ = {isa = PBXFileReference; fileEncoding = 4; lastKnownFileType = sourcecode.c.h; path = VMaxCompanionDelegate.h; sourceTree = "<group>"; };
		9A8C5F0227A2D29B00810431 /* VmaxTracker.h */ = {isa = PBXFileReference; fileEncoding = 4; lastKnownFileType = sourcecode.c.h; path = VmaxTracker.h; sourceTree = "<group>"; };
		9A8C5F0327A2D29B00810431 /* CompanionInfo.h */ = {isa = PBXFileReference; fileEncoding = 4; lastKnownFileType = sourcecode.c.h; path = CompanionInfo.h; sourceTree = "<group>"; };
		9A8C5F0427A2D29B00810431 /* libVMaxAdSDK.a */ = {isa = PBXFileReference; lastKnownFileType = archive.ar; path = libVMaxAdSDK.a; sourceTree = "<group>"; };
		9A93BB7424E42C70009E394E /* VMaxAdsSDK.framework */ = {isa = PBXFileReference; explicitFileType = wrapper.framework; includeInIndex = 0; path = VMaxAdsSDK.framework; sourceTree = BUILT_PRODUCTS_DIR; };
		9A93BB7724E42C70009E394E /* VMaxAdsSDK.h */ = {isa = PBXFileReference; lastKnownFileType = sourcecode.c.h; path = VMaxAdsSDK.h; sourceTree = "<group>"; };
		9A93BB7824E42C70009E394E /* Info.plist */ = {isa = PBXFileReference; lastKnownFileType = text.plist.xml; path = Info.plist; sourceTree = "<group>"; };
/* End PBXFileReference section */

/* Begin PBXFrameworksBuildPhase section */
		9A93BB7124E42C70009E394E /* Frameworks */ = {
			isa = PBXFrameworksBuildPhase;
			buildActionMask = 2147483647;
			files = (
				9A8C5F3527A2D29C00810431 /* libVMaxAdSDK.a in Frameworks */,
			);
			runOnlyForDeploymentPostprocessing = 0;
		};
/* End PBXFrameworksBuildPhase section */

/* Begin PBXGroup section */
		9A8C5ECF27A2D29B00810431 /* VMaxAdSDK */ = {
			isa = PBXGroup;
			children = (
				9A8C5ED027A2D29B00810431 /* VMaxAdSDKResources.bundle */,
				9A8C5ED127A2D29B00810431 /* lib */,
			);
			path = VMaxAdSDK;
			sourceTree = "<group>";
		};
		9A8C5ED127A2D29B00810431 /* lib */ = {
			isa = PBXGroup;
			children = (
				9A8C5ED227A2D29B00810431 /* include */,
				9A8C5F0427A2D29B00810431 /* libVMaxAdSDK.a */,
			);
			path = lib;
			sourceTree = "<group>";
		};
		9A8C5ED227A2D29B00810431 /* include */ = {
			isa = PBXGroup;
			children = (
				9A8C5ED327A2D29B00810431 /* VMaxAdSDK */,
			);
			path = include;
			sourceTree = "<group>";
		};
		9A8C5ED327A2D29B00810431 /* VMaxAdSDK */ = {
			isa = PBXGroup;
			children = (
				9A8C5ED427A2D29B00810431 /* VMaxAdBreak.h */,
				9A8C5ED527A2D29B00810431 /* VmaxAdFactory.h */,
				9A8C5ED627A2D29B00810431 /* VMaxAdInfo.h */,
				9A8C5ED727A2D29B00810431 /* VMaxAdTracker.h */,
				9A8C5ED827A2D29B00810431 /* VMaxVideoAd.h */,
				9A8C5ED927A2D29B00810431 /* VMaxViewabilityTracker.h */,
				9A8C5EDA27A2D29B00810431 /* VMaxAdEvents.h */,
				9A8C5EDB27A2D29B00810431 /* VMaxAdPartner.h */,
				9A8C5EDC27A2D29B00810431 /* VMaxNativeAd.h */,
				9A8C5EDD27A2D29B00810431 /* VMaxAdCustomizer.h */,
				9A8C5EDE27A2D29B00810431 /* VMAXPageCategory.h */,
				9A8C5EDF27A2D29B00810431 /* VMAXSectionCategory.h */,
				9A8C5EE027A2D29B00810431 /* VmaxRequestListener.h */,
				9A8C5EE127A2D29B00810431 /* IOperationInterface.h */,
				9A8C5EE227A2D29B00810431 /* VMaxError.h */,
				9A8C5EE327A2D29B00810431 /* VmaxTrackerException.h */,
				9A8C5EE427A2D29B00810431 /* VMaxAd.h */,
				9A8C5EE527A2D29B00810431 /* IOperationEventReceiver.h */,
				9A8C5EE627A2D29B00810431 /* VMaxCustomAdListener.h */,
				9A8C5EE727A2D29B00810431 /* VMaxAdSDK-umbrella.h */,
				9A8C5EE827A2D29B00810431 /* VMaxCustomAd.h */,
				9A8C5EE927A2D29B00810431 /* VmaxDataListener.h */,
				9A8C5EEA27A2D29B00810431 /* VmaxNativeAdLayoutFactory.h */,
				9A8C5EEB27A2D29B00810431 /* VMaxCache.h */,
				9A8C5EEC27A2D29B00810431 /* IAdsReordering.h */,
				9A8C5EED27A2D29B00810431 /* VMaxAdSDK.h */,
				9A8C5EEE27A2D29B00810431 /* VMaxEventTracker.h */,
				9A8C5EEF27A2D29B00810431 /* VMaxAdDelegate.h */,
				9A8C5EF027A2D29B00810431 /* VMaxAdView.h */,
				9A8C5EF127A2D29B00810431 /* VMaxAdBreakEvents.h */,
				9A8C5EF227A2D29B00810431 /* VMaxRequest.h */,
				9A8C5EF327A2D29B00810431 /* VMaxAdSettings.h */,
				9A8C5EF427A2D29B00810431 /* VMaxOrganicRequest.h */,
				9A8C5EF527A2D29B00810431 /* VMaxViewabilityAd.h */,
				9A8C5EF627A2D29B00810431 /* VmaxOperationMediator.h */,
				9A8C5EF727A2D29B00810431 /* VMaxTimeout.h */,
				9A8C5EF827A2D29B00810431 /* VmaxAdTemplateListener.h */,
				9A8C5EF927A2D29B00810431 /* VMaxAdError.h */,
				9A8C5EFA27A2D29B00810431 /* AdViewMetaData.h */,
				9A8C5EFB27A2D29B00810431 /* VMaxMediaView.h */,
				9A8C5EFC27A2D29B00810431 /* module.modulemap */,
				9A8C5EFD27A2D29B00810431 /* VmaxAdSpot.h */,
				9A8C5EFE27A2D29B00810431 /* VMaxAdMetaData.h */,
				9A8C5EFF27A2D29B00810431 /* ICompanionEventsReceiver.h */,
				9A8C5F0027A2D29B00810431 /* VMaxAdEvent.h */,
				9A8C5F0127A2D29B00810431 /* VMaxCompanionDelegate.h */,
				9A8C5F0227A2D29B00810431 /* VmaxTracker.h */,
				9A8C5F0327A2D29B00810431 /* CompanionInfo.h */,
			);
			path = VMaxAdSDK;
			sourceTree = "<group>";
		};
		9A93BB6A24E42C70009E394E = {
			isa = PBXGroup;
			children = (
				9A93BB7624E42C70009E394E /* VMaxAdsSDK */,
				9A93BB7524E42C70009E394E /* Products */,
			);
			sourceTree = "<group>";
		};
		9A93BB7524E42C70009E394E /* Products */ = {
			isa = PBXGroup;
			children = (
				9A93BB7424E42C70009E394E /* VMaxAdsSDK.framework */,
			);
			name = Products;
			sourceTree = "<group>";
		};
		9A93BB7624E42C70009E394E /* VMaxAdsSDK */ = {
			isa = PBXGroup;
			children = (
				9A8C5ECF27A2D29B00810431 /* VMaxAdSDK */,
				9A93BB7724E42C70009E394E /* VMaxAdsSDK.h */,
				9A93BB7824E42C70009E394E /* Info.plist */,
			);
			path = VMaxAdsSDK;
			sourceTree = "<group>";
		};
/* End PBXGroup section */

/* Begin PBXHeadersBuildPhase section */
		9A93BB6F24E42C70009E394E /* Headers */ = {
			isa = PBXHeadersBuildPhase;
			buildActionMask = 2147483647;
			files = (
				9A8C5F1227A2D29B00810431 /* VmaxRequestListener.h in Headers */,
				9A8C5F1D27A2D29B00810431 /* VMaxCache.h in Headers */,
				9A8C5F2627A2D29B00810431 /* VMaxOrganicRequest.h in Headers */,
				9A8C5F3027A2D29B00810431 /* ICompanionEventsReceiver.h in Headers */,
				9A8C5F2027A2D29B00810431 /* VMaxEventTracker.h in Headers */,
				9A8C5F3427A2D29B00810431 /* CompanionInfo.h in Headers */,
				9A8C5F2127A2D29B00810431 /* VMaxAdDelegate.h in Headers */,
				9A8C5F2E27A2D29B00810431 /* VmaxAdSpot.h in Headers */,
				9A8C5F1127A2D29B00810431 /* VMAXSectionCategory.h in Headers */,
				9A8C5F1827A2D29B00810431 /* VMaxCustomAdListener.h in Headers */,
				9A8C5F1927A2D29B00810431 /* VMaxAdSDK-umbrella.h in Headers */,
				9A8C5F3227A2D29B00810431 /* VMaxCompanionDelegate.h in Headers */,
				9A8C5F3327A2D29B00810431 /* VmaxTracker.h in Headers */,
				9A8C5F0727A2D29B00810431 /* VmaxAdFactory.h in Headers */,
				9A8C5F2427A2D29B00810431 /* VMaxRequest.h in Headers */,
				9A8C5F0A27A2D29B00810431 /* VMaxVideoAd.h in Headers */,
				9A8C5F1527A2D29B00810431 /* VmaxTrackerException.h in Headers */,
				9A8C5F1627A2D29B00810431 /* VMaxAd.h in Headers */,
				9A8C5F1327A2D29B00810431 /* IOperationInterface.h in Headers */,
				9A8C5F0C27A2D29B00810431 /* VMaxAdEvents.h in Headers */,
				9A8C5F2927A2D29B00810431 /* VMaxTimeout.h in Headers */,
				9A8C5F2827A2D29B00810431 /* VmaxOperationMediator.h in Headers */,
				9A8C5F2B27A2D29B00810431 /* VMaxAdError.h in Headers */,
				9A93BB7924E42C70009E394E /* VMaxAdsSDK.h in Headers */,
				9A8C5F2727A2D29B00810431 /* VMaxViewabilityAd.h in Headers */,
				9A8C5F1E27A2D29B00810431 /* IAdsReordering.h in Headers */,
				9A8C5F1427A2D29B00810431 /* VMaxError.h in Headers */,
				9A8C5F2A27A2D29B00810431 /* VmaxAdTemplateListener.h in Headers */,
				9A8C5F2C27A2D29B00810431 /* AdViewMetaData.h in Headers */,
				9A8C5F0E27A2D29B00810431 /* VMaxNativeAd.h in Headers */,
				9A8C5F1727A2D29B00810431 /* IOperationEventReceiver.h in Headers */,
				9A8C5F2227A2D29B00810431 /* VMaxAdView.h in Headers */,
				9A8C5F0627A2D29B00810431 /* VMaxAdBreak.h in Headers */,
				9A8C5F1C27A2D29B00810431 /* VmaxNativeAdLayoutFactory.h in Headers */,
				9A8C5F0D27A2D29B00810431 /* VMaxAdPartner.h in Headers */,
				9A8C5F2F27A2D29B00810431 /* VMaxAdMetaData.h in Headers */,
				9A8C5F2527A2D29B00810431 /* VMaxAdSettings.h in Headers */,
				9A8C5F2D27A2D29B00810431 /* VMaxMediaView.h in Headers */,
				9A8C5F1A27A2D29B00810431 /* VMaxCustomAd.h in Headers */,
				9A8C5F1027A2D29B00810431 /* VMAXPageCategory.h in Headers */,
				9A8C5F1B27A2D29B00810431 /* VmaxDataListener.h in Headers */,
				9A8C5F0827A2D29B00810431 /* VMaxAdInfo.h in Headers */,
				9A8C5F1F27A2D29B00810431 /* VMaxAdSDK.h in Headers */,
				9A8C5F0B27A2D29B00810431 /* VMaxViewabilityTracker.h in Headers */,
				9A8C5F0F27A2D29B00810431 /* VMaxAdCustomizer.h in Headers */,
				9A8C5F2327A2D29B00810431 /* VMaxAdBreakEvents.h in Headers */,
				9A8C5F0927A2D29B00810431 /* VMaxAdTracker.h in Headers */,
				9A8C5F3127A2D29B00810431 /* VMaxAdEvent.h in Headers */,
			);
			runOnlyForDeploymentPostprocessing = 0;
		};
/* End PBXHeadersBuildPhase section */

/* Begin PBXNativeTarget section */
		9A93BB7324E42C70009E394E /* VMaxAdsSDK */ = {
			isa = PBXNativeTarget;
			buildConfigurationList = 9A93BB7C24E42C70009E394E /* Build configuration list for PBXNativeTarget "VMaxAdsSDK" */;
			buildPhases = (
				9A93BB6F24E42C70009E394E /* Headers */,
				9A93BB7024E42C70009E394E /* Sources */,
				9A93BB7124E42C70009E394E /* Frameworks */,
				9A93BB7224E42C70009E394E /* Resources */,
			);
			buildRules = (
			);
			dependencies = (
			);
			name = VMaxAdsSDK;
			productName = VMaxAdsSDK;
			productReference = 9A93BB7424E42C70009E394E /* VMaxAdsSDK.framework */;
			productType = "com.apple.product-type.framework";
		};
/* End PBXNativeTarget section */

/* Begin PBXProject section */
		9A93BB6B24E42C70009E394E /* Project object */ = {
			isa = PBXProject;
			attributes = {
				LastUpgradeCheck = 1200;
				ORGANIZATIONNAME = Cloy;
				TargetAttributes = {
					9A93BB7324E42C70009E394E = {
						CreatedOnToolsVersion = 11.5;
					};
				};
			};
			buildConfigurationList = 9A93BB6E24E42C70009E394E /* Build configuration list for PBXProject "VMaxAdsSDK" */;
			compatibilityVersion = "Xcode 9.3";
			developmentRegion = en;
			hasScannedForEncodings = 0;
			knownRegions = (
				en,
				Base,
			);
			mainGroup = 9A93BB6A24E42C70009E394E;
			productRefGroup = 9A93BB7524E42C70009E394E /* Products */;
			projectDirPath = "";
			projectRoot = "";
			targets = (
				9A93BB7324E42C70009E394E /* VMaxAdsSDK */,
			);
		};
/* End PBXProject section */

/* Begin PBXResourcesBuildPhase section */
		9A93BB7224E42C70009E394E /* Resources */ = {
			isa = PBXResourcesBuildPhase;
			buildActionMask = 2147483647;
			files = (
				9A8C5F0527A2D29B00810431 /* VMaxAdSDKResources.bundle in Resources */,
			);
			runOnlyForDeploymentPostprocessing = 0;
		};
/* End PBXResourcesBuildPhase section */

/* Begin PBXSourcesBuildPhase section */
		9A93BB7024E42C70009E394E /* Sources */ = {
			isa = PBXSourcesBuildPhase;
			buildActionMask = 2147483647;
			files = (
			);
			runOnlyForDeploymentPostprocessing = 0;
		};
/* End PBXSourcesBuildPhase section */

/* Begin XCBuildConfiguration section */
		9A93BB7A24E42C70009E394E /* Debug */ = {
			isa = XCBuildConfiguration;
			buildSettings = {
				ALWAYS_SEARCH_USER_PATHS = NO;
				CLANG_ANALYZER_NONNULL = YES;
				CLANG_ANALYZER_NUMBER_OBJECT_CONVERSION = YES_AGGRESSIVE;
				CLANG_CXX_LANGUAGE_STANDARD = "gnu++14";
				CLANG_CXX_LIBRARY = "libc++";
				CLANG_ENABLE_MODULES = YES;
				CLANG_ENABLE_OBJC_ARC = YES;
				CLANG_ENABLE_OBJC_WEAK = YES;
				CLANG_WARN_BLOCK_CAPTURE_AUTORELEASING = YES;
				CLANG_WARN_BOOL_CONVERSION = YES;
				CLANG_WARN_COMMA = YES;
				CLANG_WARN_CONSTANT_CONVERSION = YES;
				CLANG_WARN_DEPRECATED_OBJC_IMPLEMENTATIONS = YES;
				CLANG_WARN_DIRECT_OBJC_ISA_USAGE = YES_ERROR;
				CLANG_WARN_DOCUMENTATION_COMMENTS = YES;
				CLANG_WARN_EMPTY_BODY = YES;
				CLANG_WARN_ENUM_CONVERSION = YES;
				CLANG_WARN_INFINITE_RECURSION = YES;
				CLANG_WARN_INT_CONVERSION = YES;
				CLANG_WARN_NON_LITERAL_NULL_CONVERSION = YES;
				CLANG_WARN_OBJC_IMPLICIT_RETAIN_SELF = YES;
				CLANG_WARN_OBJC_LITERAL_CONVERSION = YES;
				CLANG_WARN_OBJC_ROOT_CLASS = YES_ERROR;
				CLANG_WARN_QUOTED_INCLUDE_IN_FRAMEWORK_HEADER = YES;
				CLANG_WARN_RANGE_LOOP_ANALYSIS = YES;
				CLANG_WARN_STRICT_PROTOTYPES = YES;
				CLANG_WARN_SUSPICIOUS_MOVE = YES;
				CLANG_WARN_UNGUARDED_AVAILABILITY = YES_AGGRESSIVE;
				CLANG_WARN_UNREACHABLE_CODE = YES;
				CLANG_WARN__DUPLICATE_METHOD_MATCH = YES;
				COPY_PHASE_STRIP = NO;
				CURRENT_PROJECT_VERSION = 1;
				DEBUG_INFORMATION_FORMAT = dwarf;
				ENABLE_STRICT_OBJC_MSGSEND = YES;
				ENABLE_TESTABILITY = YES;
				GCC_C_LANGUAGE_STANDARD = gnu11;
				GCC_DYNAMIC_NO_PIC = NO;
				GCC_NO_COMMON_BLOCKS = YES;
				GCC_OPTIMIZATION_LEVEL = 0;
				GCC_PREPROCESSOR_DEFINITIONS = (
					"DEBUG=1",
					"$(inherited)",
				);
				GCC_WARN_64_TO_32_BIT_CONVERSION = YES;
				GCC_WARN_ABOUT_RETURN_TYPE = YES_ERROR;
				GCC_WARN_UNDECLARED_SELECTOR = YES;
				GCC_WARN_UNINITIALIZED_AUTOS = YES_AGGRESSIVE;
				GCC_WARN_UNUSED_FUNCTION = YES;
				GCC_WARN_UNUSED_VARIABLE = YES;
				IPHONEOS_DEPLOYMENT_TARGET = 10.0;
				MTL_ENABLE_DEBUG_INFO = INCLUDE_SOURCE;
				MTL_FAST_MATH = YES;
				ONLY_ACTIVE_ARCH = YES;
				OTHER_CFLAGS = "-fembed-bitcode-marker";
				OTHER_CPLUSPLUSFLAGS = "-fembed-bitcode-marker";
				OTHER_LDFLAGS = (
					"-fobjc-arc",
					"-lstdc++",
					"-lxml2",
					"-ObjC",
				);
				SDKROOT = iphoneos;
				SKIP_INSTALL = YES;
				VERSIONING_SYSTEM = "apple-generic";
				VERSION_INFO_PREFIX = "";
			};
			name = Debug;
		};
		9A93BB7B24E42C70009E394E /* Release */ = {
			isa = XCBuildConfiguration;
			buildSettings = {
				ALWAYS_SEARCH_USER_PATHS = NO;
				CLANG_ANALYZER_NONNULL = YES;
				CLANG_ANALYZER_NUMBER_OBJECT_CONVERSION = YES_AGGRESSIVE;
				CLANG_CXX_LANGUAGE_STANDARD = "gnu++14";
				CLANG_CXX_LIBRARY = "libc++";
				CLANG_ENABLE_MODULES = YES;
				CLANG_ENABLE_OBJC_ARC = YES;
				CLANG_ENABLE_OBJC_WEAK = YES;
				CLANG_WARN_BLOCK_CAPTURE_AUTORELEASING = YES;
				CLANG_WARN_BOOL_CONVERSION = YES;
				CLANG_WARN_COMMA = YES;
				CLANG_WARN_CONSTANT_CONVERSION = YES;
				CLANG_WARN_DEPRECATED_OBJC_IMPLEMENTATIONS = YES;
				CLANG_WARN_DIRECT_OBJC_ISA_USAGE = YES_ERROR;
				CLANG_WARN_DOCUMENTATION_COMMENTS = YES;
				CLANG_WARN_EMPTY_BODY = YES;
				CLANG_WARN_ENUM_CONVERSION = YES;
				CLANG_WARN_INFINITE_RECURSION = YES;
				CLANG_WARN_INT_CONVERSION = YES;
				CLANG_WARN_NON_LITERAL_NULL_CONVERSION = YES;
				CLANG_WARN_OBJC_IMPLICIT_RETAIN_SELF = YES;
				CLANG_WARN_OBJC_LITERAL_CONVERSION = YES;
				CLANG_WARN_OBJC_ROOT_CLASS = YES_ERROR;
				CLANG_WARN_QUOTED_INCLUDE_IN_FRAMEWORK_HEADER = YES;
				CLANG_WARN_RANGE_LOOP_ANALYSIS = YES;
				CLANG_WARN_STRICT_PROTOTYPES = YES;
				CLANG_WARN_SUSPICIOUS_MOVE = YES;
				CLANG_WARN_UNGUARDED_AVAILABILITY = YES_AGGRESSIVE;
				CLANG_WARN_UNREACHABLE_CODE = YES;
				CLANG_WARN__DUPLICATE_METHOD_MATCH = YES;
				COPY_PHASE_STRIP = NO;
				CURRENT_PROJECT_VERSION = 1;
				DEBUG_INFORMATION_FORMAT = "dwarf-with-dsym";
				ENABLE_NS_ASSERTIONS = NO;
				ENABLE_STRICT_OBJC_MSGSEND = YES;
				EXCLUDED_ARCHS = "";
				GCC_C_LANGUAGE_STANDARD = gnu11;
				GCC_NO_COMMON_BLOCKS = YES;
				GCC_WARN_64_TO_32_BIT_CONVERSION = YES;
				GCC_WARN_ABOUT_RETURN_TYPE = YES_ERROR;
				GCC_WARN_UNDECLARED_SELECTOR = YES;
				GCC_WARN_UNINITIALIZED_AUTOS = YES_AGGRESSIVE;
				GCC_WARN_UNUSED_FUNCTION = YES;
				GCC_WARN_UNUSED_VARIABLE = YES;
				IPHONEOS_DEPLOYMENT_TARGET = 10.0;
				MTL_ENABLE_DEBUG_INFO = NO;
				MTL_FAST_MATH = YES;
				ONLY_ACTIVE_ARCH = YES;
				OTHER_CFLAGS = "-fembed-bitcode";
				OTHER_CPLUSPLUSFLAGS = "-fembed-bitcode";
				OTHER_LDFLAGS = (
					"-fobjc-arc",
					"-lstdc++",
					"-lxml2",
					"-ObjC",
				);
				SDKROOT = iphoneos;
				SKIP_INSTALL = YES;
				VALIDATE_PRODUCT = YES;
				VERSIONING_SYSTEM = "apple-generic";
				VERSION_INFO_PREFIX = "";
			};
			name = Release;
		};
		9A93BB7D24E42C70009E394E /* Debug */ = {
			isa = XCBuildConfiguration;
			buildSettings = {
				BITCODE_GENERATION_MODE = bitcode;
				CODE_SIGN_STYLE = Automatic;
				DEFINES_MODULE = YES;
				DYLIB_COMPATIBILITY_VERSION = 1;
				DYLIB_CURRENT_VERSION = 1;
				DYLIB_INSTALL_NAME_BASE = "@rpath";
				INFOPLIST_FILE = VMaxAdsSDK/Info.plist;
				INSTALL_PATH = "$(LOCAL_LIBRARY_DIR)/Frameworks";
				LD_RUNPATH_SEARCH_PATHS = (
					"$(inherited)",
					"@executable_path/Frameworks",
					"@loader_path/Frameworks",
				);
				LIBRARY_SEARCH_PATHS = (
					"$(inherited)",
					"$(PROJECT_DIR)/VMaxAdSDK/lib",
					"$(PROJECT_DIR)/VMaxAdsSDK/VMaxAdSDK/lib",
				);
				PRODUCT_BUNDLE_IDENTIFIER = com.ios.VMaxAdsSDK;
				PRODUCT_NAME = "$(TARGET_NAME:c99extidentifier)";
				SKIP_INSTALL = YES;
				TARGETED_DEVICE_FAMILY = "1,2";
			};
			name = Debug;
		};
		9A93BB7E24E42C70009E394E /* Release */ = {
			isa = XCBuildConfiguration;
			buildSettings = {
				BITCODE_GENERATION_MODE = bitcode;
				CODE_SIGN_STYLE = Automatic;
				DEFINES_MODULE = YES;
				DYLIB_COMPATIBILITY_VERSION = 1;
				DYLIB_CURRENT_VERSION = 1;
				DYLIB_INSTALL_NAME_BASE = "@rpath";
				INFOPLIST_FILE = VMaxAdsSDK/Info.plist;
				INSTALL_PATH = "$(LOCAL_LIBRARY_DIR)/Frameworks";
				LD_RUNPATH_SEARCH_PATHS = (
					"$(inherited)",
					"@executable_path/Frameworks",
					"@loader_path/Frameworks",
				);
				LIBRARY_SEARCH_PATHS = (
					"$(inherited)",
					"$(PROJECT_DIR)/VMaxAdSDK/lib",
					"$(PROJECT_DIR)/VMaxAdsSDK/VMaxAdSDK/lib",
				);
				ONLY_ACTIVE_ARCH = NO;
				PRODUCT_BUNDLE_IDENTIFIER = com.ios.VMaxAdsSDK;
				PRODUCT_NAME = "$(TARGET_NAME:c99extidentifier)";
				SKIP_INSTALL = YES;
				TARGETED_DEVICE_FAMILY = "1,2";
			};
			name = Release;
		};
/* End XCBuildConfiguration section */

/* Begin XCConfigurationList section */
		9A93BB6E24E42C70009E394E /* Build configuration list for PBXProject "VMaxAdsSDK" */ = {
			isa = XCConfigurationList;
			buildConfigurations = (
				9A93BB7A24E42C70009E394E /* Debug */,
				9A93BB7B24E42C70009E394E /* Release */,
			);
			defaultConfigurationIsVisible = 0;
			defaultConfigurationName = Release;
		};
		9A93BB7C24E42C70009E394E /* Build configuration list for PBXNativeTarget "VMaxAdsSDK" */ = {
			isa = XCConfigurationList;
			buildConfigurations = (
				9A93BB7D24E42C70009E394E /* Debug */,
				9A93BB7E24E42C70009E394E /* Release */,
			);
			defaultConfigurationIsVisible = 0;
			defaultConfigurationName = Release;
		};
/* End XCConfigurationList section */
	};
	rootObject = 9A93BB6B24E42C70009E394E /* Project object */;
}
