// !$*UTF8*$!
{
	archiveVersion = 1;
	classes = {
	};
	objectVersion = 50;
	objects = {

/* Begin PBXBuildFile section */
		9A0B1B6826FEF1F6004228FA /* VMaxAdSDKResources.bundle in Resources */ = {isa = PBXBuildFile; fileRef = 9A0B1B3626FEF1F5004228FA /* VMaxAdSDKResources.bundle */; };
		9A0B1B6926FEF1F6004228FA /* VMaxAdBreak.h in Headers */ = {isa = PBXBuildFile; fileRef = 9A0B1B3A26FEF1F5004228FA /* VMaxAdBreak.h */; settings = {ATTRIBUTES = (Public, ); }; };
		9A0B1B6A26FEF1F6004228FA /* VmaxAdFactory.h in Headers */ = {isa = PBXBuildFile; fileRef = 9A0B1B3B26FEF1F5004228FA /* VmaxAdFactory.h */; settings = {ATTRIBUTES = (Public, ); }; };
		9A0B1B6B26FEF1F6004228FA /* VMaxAdInfo.h in Headers */ = {isa = PBXBuildFile; fileRef = 9A0B1B3C26FEF1F5004228FA /* VMaxAdInfo.h */; settings = {ATTRIBUTES = (Public, ); }; };
		9A0B1B6C26FEF1F6004228FA /* VMaxAdTracker.h in Headers */ = {isa = PBXBuildFile; fileRef = 9A0B1B3D26FEF1F5004228FA /* VMaxAdTracker.h */; settings = {ATTRIBUTES = (Public, ); }; };
		9A0B1B6D26FEF1F6004228FA /* VMaxVideoAd.h in Headers */ = {isa = PBXBuildFile; fileRef = 9A0B1B3E26FEF1F5004228FA /* VMaxVideoAd.h */; settings = {ATTRIBUTES = (Public, ); }; };
		9A0B1B6E26FEF1F6004228FA /* VMaxViewabilityTracker.h in Headers */ = {isa = PBXBuildFile; fileRef = 9A0B1B3F26FEF1F5004228FA /* VMaxViewabilityTracker.h */; settings = {ATTRIBUTES = (Public, ); }; };
		9A0B1B6F26FEF1F6004228FA /* VMaxAdEvents.h in Headers */ = {isa = PBXBuildFile; fileRef = 9A0B1B4026FEF1F5004228FA /* VMaxAdEvents.h */; settings = {ATTRIBUTES = (Public, ); }; };
		9A0B1B7026FEF1F6004228FA /* VMaxAdPartner.h in Headers */ = {isa = PBXBuildFile; fileRef = 9A0B1B4126FEF1F5004228FA /* VMaxAdPartner.h */; settings = {ATTRIBUTES = (Public, ); }; };
		9A0B1B7126FEF1F6004228FA /* VMaxNativeAd.h in Headers */ = {isa = PBXBuildFile; fileRef = 9A0B1B4226FEF1F5004228FA /* VMaxNativeAd.h */; settings = {ATTRIBUTES = (Public, ); }; };
		9A0B1B7226FEF1F6004228FA /* VMaxAdCustomizer.h in Headers */ = {isa = PBXBuildFile; fileRef = 9A0B1B4326FEF1F5004228FA /* VMaxAdCustomizer.h */; settings = {ATTRIBUTES = (Public, ); }; };
		9A0B1B7326FEF1F6004228FA /* VMAXPageCategory.h in Headers */ = {isa = PBXBuildFile; fileRef = 9A0B1B4426FEF1F5004228FA /* VMAXPageCategory.h */; settings = {ATTRIBUTES = (Public, ); }; };
		9A0B1B7426FEF1F6004228FA /* VMAXSectionCategory.h in Headers */ = {isa = PBXBuildFile; fileRef = 9A0B1B4526FEF1F5004228FA /* VMAXSectionCategory.h */; settings = {ATTRIBUTES = (Public, ); }; };
		9A0B1B7526FEF1F6004228FA /* VmaxRequestListener.h in Headers */ = {isa = PBXBuildFile; fileRef = 9A0B1B4626FEF1F5004228FA /* VmaxRequestListener.h */; settings = {ATTRIBUTES = (Public, ); }; };
		9A0B1B7626FEF1F6004228FA /* IOperationInterface.h in Headers */ = {isa = PBXBuildFile; fileRef = 9A0B1B4726FEF1F5004228FA /* IOperationInterface.h */; settings = {ATTRIBUTES = (Public, ); }; };
		9A0B1B7726FEF1F6004228FA /* VMaxError.h in Headers */ = {isa = PBXBuildFile; fileRef = 9A0B1B4826FEF1F5004228FA /* VMaxError.h */; settings = {ATTRIBUTES = (Public, ); }; };
		9A0B1B7826FEF1F6004228FA /* VmaxTrackerException.h in Headers */ = {isa = PBXBuildFile; fileRef = 9A0B1B4926FEF1F5004228FA /* VmaxTrackerException.h */; settings = {ATTRIBUTES = (Public, ); }; };
		9A0B1B7926FEF1F6004228FA /* VMaxAd.h in Headers */ = {isa = PBXBuildFile; fileRef = 9A0B1B4A26FEF1F5004228FA /* VMaxAd.h */; settings = {ATTRIBUTES = (Public, ); }; };
		9A0B1B7A26FEF1F6004228FA /* IOperationEventReceiver.h in Headers */ = {isa = PBXBuildFile; fileRef = 9A0B1B4B26FEF1F5004228FA /* IOperationEventReceiver.h */; settings = {ATTRIBUTES = (Public, ); }; };
		9A0B1B7B26FEF1F6004228FA /* VMaxCustomAdListener.h in Headers */ = {isa = PBXBuildFile; fileRef = 9A0B1B4C26FEF1F5004228FA /* VMaxCustomAdListener.h */; settings = {ATTRIBUTES = (Public, ); }; };
		9A0B1B7C26FEF1F6004228FA /* VMaxAdSDK-umbrella.h in Headers */ = {isa = PBXBuildFile; fileRef = 9A0B1B4D26FEF1F5004228FA /* VMaxAdSDK-umbrella.h */; settings = {ATTRIBUTES = (Public, ); }; };
		9A0B1B7D26FEF1F6004228FA /* VMaxCustomAd.h in Headers */ = {isa = PBXBuildFile; fileRef = 9A0B1B4E26FEF1F5004228FA /* VMaxCustomAd.h */; settings = {ATTRIBUTES = (Public, ); }; };
		9A0B1B7E26FEF1F6004228FA /* VmaxDataListener.h in Headers */ = {isa = PBXBuildFile; fileRef = 9A0B1B4F26FEF1F5004228FA /* VmaxDataListener.h */; settings = {ATTRIBUTES = (Public, ); }; };
		9A0B1B7F26FEF1F6004228FA /* VmaxNativeAdLayoutFactory.h in Headers */ = {isa = PBXBuildFile; fileRef = 9A0B1B5026FEF1F5004228FA /* VmaxNativeAdLayoutFactory.h */; settings = {ATTRIBUTES = (Public, ); }; };
		9A0B1B8026FEF1F6004228FA /* VMaxCache.h in Headers */ = {isa = PBXBuildFile; fileRef = 9A0B1B5126FEF1F5004228FA /* VMaxCache.h */; settings = {ATTRIBUTES = (Public, ); }; };
		9A0B1B8126FEF1F6004228FA /* VMaxAdSDK.h in Headers */ = {isa = PBXBuildFile; fileRef = 9A0B1B5226FEF1F5004228FA /* VMaxAdSDK.h */; settings = {ATTRIBUTES = (Public, ); }; };
		9A0B1B8226FEF1F6004228FA /* VMaxEventTracker.h in Headers */ = {isa = PBXBuildFile; fileRef = 9A0B1B5326FEF1F5004228FA /* VMaxEventTracker.h */; settings = {ATTRIBUTES = (Public, ); }; };
		9A0B1B8326FEF1F6004228FA /* VMaxAdDelegate.h in Headers */ = {isa = PBXBuildFile; fileRef = 9A0B1B5426FEF1F5004228FA /* VMaxAdDelegate.h */; settings = {ATTRIBUTES = (Public, ); }; };
		9A0B1B8426FEF1F6004228FA /* VMaxAdView.h in Headers */ = {isa = PBXBuildFile; fileRef = 9A0B1B5526FEF1F5004228FA /* VMaxAdView.h */; settings = {ATTRIBUTES = (Public, ); }; };
		9A0B1B8526FEF1F6004228FA /* VMaxAdBreakEvents.h in Headers */ = {isa = PBXBuildFile; fileRef = 9A0B1B5626FEF1F5004228FA /* VMaxAdBreakEvents.h */; settings = {ATTRIBUTES = (Public, ); }; };
		9A0B1B8626FEF1F6004228FA /* VMaxRequest.h in Headers */ = {isa = PBXBuildFile; fileRef = 9A0B1B5726FEF1F5004228FA /* VMaxRequest.h */; settings = {ATTRIBUTES = (Public, ); }; };
		9A0B1B8726FEF1F6004228FA /* VMaxAdSettings.h in Headers */ = {isa = PBXBuildFile; fileRef = 9A0B1B5826FEF1F5004228FA /* VMaxAdSettings.h */; settings = {ATTRIBUTES = (Public, ); }; };
		9A0B1B8826FEF1F6004228FA /* VMaxOrganicRequest.h in Headers */ = {isa = PBXBuildFile; fileRef = 9A0B1B5926FEF1F5004228FA /* VMaxOrganicRequest.h */; settings = {ATTRIBUTES = (Public, ); }; };
		9A0B1B8926FEF1F6004228FA /* VMaxViewabilityAd.h in Headers */ = {isa = PBXBuildFile; fileRef = 9A0B1B5A26FEF1F5004228FA /* VMaxViewabilityAd.h */; settings = {ATTRIBUTES = (Public, ); }; };
		9A0B1B8A26FEF1F6004228FA /* VmaxOperationMediator.h in Headers */ = {isa = PBXBuildFile; fileRef = 9A0B1B5B26FEF1F6004228FA /* VmaxOperationMediator.h */; settings = {ATTRIBUTES = (Public, ); }; };
		9A0B1B8B26FEF1F6004228FA /* VmaxAdTemplateListener.h in Headers */ = {isa = PBXBuildFile; fileRef = 9A0B1B5C26FEF1F6004228FA /* VmaxAdTemplateListener.h */; settings = {ATTRIBUTES = (Public, ); }; };
		9A0B1B8C26FEF1F6004228FA /* VMaxAdError.h in Headers */ = {isa = PBXBuildFile; fileRef = 9A0B1B5D26FEF1F6004228FA /* VMaxAdError.h */; settings = {ATTRIBUTES = (Public, ); }; };
		9A0B1B8D26FEF1F6004228FA /* VMaxMediaView.h in Headers */ = {isa = PBXBuildFile; fileRef = 9A0B1B5E26FEF1F6004228FA /* VMaxMediaView.h */; settings = {ATTRIBUTES = (Public, ); }; };
		9A0B1B8E26FEF1F6004228FA /* VmaxAdSpot.h in Headers */ = {isa = PBXBuildFile; fileRef = 9A0B1B6026FEF1F6004228FA /* VmaxAdSpot.h */; settings = {ATTRIBUTES = (Public, ); }; };
		9A0B1B8F26FEF1F6004228FA /* VMaxAdMetaData.h in Headers */ = {isa = PBXBuildFile; fileRef = 9A0B1B6126FEF1F6004228FA /* VMaxAdMetaData.h */; settings = {ATTRIBUTES = (Public, ); }; };
		9A0B1B9026FEF1F6004228FA /* ICompanionEventsReceiver.h in Headers */ = {isa = PBXBuildFile; fileRef = 9A0B1B6226FEF1F6004228FA /* ICompanionEventsReceiver.h */; settings = {ATTRIBUTES = (Public, ); }; };
		9A0B1B9126FEF1F6004228FA /* VMaxAdEvent.h in Headers */ = {isa = PBXBuildFile; fileRef = 9A0B1B6326FEF1F6004228FA /* VMaxAdEvent.h */; settings = {ATTRIBUTES = (Public, ); }; };
		9A0B1B9226FEF1F6004228FA /* VMaxCompanionDelegate.h in Headers */ = {isa = PBXBuildFile; fileRef = 9A0B1B6426FEF1F6004228FA /* VMaxCompanionDelegate.h */; settings = {ATTRIBUTES = (Public, ); }; };
		9A0B1B9326FEF1F6004228FA /* VmaxTracker.h in Headers */ = {isa = PBXBuildFile; fileRef = 9A0B1B6526FEF1F6004228FA /* VmaxTracker.h */; settings = {ATTRIBUTES = (Public, ); }; };
		9A0B1B9426FEF1F6004228FA /* CompanionInfo.h in Headers */ = {isa = PBXBuildFile; fileRef = 9A0B1B6626FEF1F6004228FA /* CompanionInfo.h */; settings = {ATTRIBUTES = (Public, ); }; };
		9A0B1B9526FEF1F6004228FA /* libVMaxAdSDK.a in Frameworks */ = {isa = PBXBuildFile; fileRef = 9A0B1B6726FEF1F6004228FA /* libVMaxAdSDK.a */; };
		9A93BB7924E42C70009E394E /* VMaxAdsSDK.h in Headers */ = {isa = PBXBuildFile; fileRef = 9A93BB7724E42C70009E394E /* VMaxAdsSDK.h */; settings = {ATTRIBUTES = (Public, ); }; };
/* End PBXBuildFile section */

/* Begin PBXFileReference section */
		9A0B1B3626FEF1F5004228FA /* VMaxAdSDKResources.bundle */ = {isa = PBXFileReference; lastKnownFileType = "wrapper.plug-in"; path = VMaxAdSDKResources.bundle; sourceTree = "<group>"; };
		9A0B1B3A26FEF1F5004228FA /* VMaxAdBreak.h */ = {isa = PBXFileReference; fileEncoding = 4; lastKnownFileType = sourcecode.c.h; path = VMaxAdBreak.h; sourceTree = "<group>"; };
		9A0B1B3B26FEF1F5004228FA /* VmaxAdFactory.h */ = {isa = PBXFileReference; fileEncoding = 4; lastKnownFileType = sourcecode.c.h; path = VmaxAdFactory.h; sourceTree = "<group>"; };
		9A0B1B3C26FEF1F5004228FA /* VMaxAdInfo.h */ = {isa = PBXFileReference; fileEncoding = 4; lastKnownFileType = sourcecode.c.h; path = VMaxAdInfo.h; sourceTree = "<group>"; };
		9A0B1B3D26FEF1F5004228FA /* VMaxAdTracker.h */ = {isa = PBXFileReference; fileEncoding = 4; lastKnownFileType = sourcecode.c.h; path = VMaxAdTracker.h; sourceTree = "<group>"; };
		9A0B1B3E26FEF1F5004228FA /* VMaxVideoAd.h */ = {isa = PBXFileReference; fileEncoding = 4; lastKnownFileType = sourcecode.c.h; path = VMaxVideoAd.h; sourceTree = "<group>"; };
		9A0B1B3F26FEF1F5004228FA /* VMaxViewabilityTracker.h */ = {isa = PBXFileReference; fileEncoding = 4; lastKnownFileType = sourcecode.c.h; path = VMaxViewabilityTracker.h; sourceTree = "<group>"; };
		9A0B1B4026FEF1F5004228FA /* VMaxAdEvents.h */ = {isa = PBXFileReference; fileEncoding = 4; lastKnownFileType = sourcecode.c.h; path = VMaxAdEvents.h; sourceTree = "<group>"; };
		9A0B1B4126FEF1F5004228FA /* VMaxAdPartner.h */ = {isa = PBXFileReference; fileEncoding = 4; lastKnownFileType = sourcecode.c.h; path = VMaxAdPartner.h; sourceTree = "<group>"; };
		9A0B1B4226FEF1F5004228FA /* VMaxNativeAd.h */ = {isa = PBXFileReference; fileEncoding = 4; lastKnownFileType = sourcecode.c.h; path = VMaxNativeAd.h; sourceTree = "<group>"; };
		9A0B1B4326FEF1F5004228FA /* VMaxAdCustomizer.h */ = {isa = PBXFileReference; fileEncoding = 4; lastKnownFileType = sourcecode.c.h; path = VMaxAdCustomizer.h; sourceTree = "<group>"; };
		9A0B1B4426FEF1F5004228FA /* VMAXPageCategory.h */ = {isa = PBXFileReference; fileEncoding = 4; lastKnownFileType = sourcecode.c.h; path = VMAXPageCategory.h; sourceTree = "<group>"; };
		9A0B1B4526FEF1F5004228FA /* VMAXSectionCategory.h */ = {isa = PBXFileReference; fileEncoding = 4; lastKnownFileType = sourcecode.c.h; path = VMAXSectionCategory.h; sourceTree = "<group>"; };
		9A0B1B4626FEF1F5004228FA /* VmaxRequestListener.h */ = {isa = PBXFileReference; fileEncoding = 4; lastKnownFileType = sourcecode.c.h; path = VmaxRequestListener.h; sourceTree = "<group>"; };
		9A0B1B4726FEF1F5004228FA /* IOperationInterface.h */ = {isa = PBXFileReference; fileEncoding = 4; lastKnownFileType = sourcecode.c.h; path = IOperationInterface.h; sourceTree = "<group>"; };
		9A0B1B4826FEF1F5004228FA /* VMaxError.h */ = {isa = PBXFileReference; fileEncoding = 4; lastKnownFileType = sourcecode.c.h; path = VMaxError.h; sourceTree = "<group>"; };
		9A0B1B4926FEF1F5004228FA /* VmaxTrackerException.h */ = {isa = PBXFileReference; fileEncoding = 4; lastKnownFileType = sourcecode.c.h; path = VmaxTrackerException.h; sourceTree = "<group>"; };
		9A0B1B4A26FEF1F5004228FA /* VMaxAd.h */ = {isa = PBXFileReference; fileEncoding = 4; lastKnownFileType = sourcecode.c.h; path = VMaxAd.h; sourceTree = "<group>"; };
		9A0B1B4B26FEF1F5004228FA /* IOperationEventReceiver.h */ = {isa = PBXFileReference; fileEncoding = 4; lastKnownFileType = sourcecode.c.h; path = IOperationEventReceiver.h; sourceTree = "<group>"; };
		9A0B1B4C26FEF1F5004228FA /* VMaxCustomAdListener.h */ = {isa = PBXFileReference; fileEncoding = 4; lastKnownFileType = sourcecode.c.h; path = VMaxCustomAdListener.h; sourceTree = "<group>"; };
		9A0B1B4D26FEF1F5004228FA /* VMaxAdSDK-umbrella.h */ = {isa = PBXFileReference; fileEncoding = 4; lastKnownFileType = sourcecode.c.h; path = "VMaxAdSDK-umbrella.h"; sourceTree = "<group>"; };
		9A0B1B4E26FEF1F5004228FA /* VMaxCustomAd.h */ = {isa = PBXFileReference; fileEncoding = 4; lastKnownFileType = sourcecode.c.h; path = VMaxCustomAd.h; sourceTree = "<group>"; };
		9A0B1B4F26FEF1F5004228FA /* VmaxDataListener.h */ = {isa = PBXFileReference; fileEncoding = 4; lastKnownFileType = sourcecode.c.h; path = VmaxDataListener.h; sourceTree = "<group>"; };
		9A0B1B5026FEF1F5004228FA /* VmaxNativeAdLayoutFactory.h */ = {isa = PBXFileReference; fileEncoding = 4; lastKnownFileType = sourcecode.c.h; path = VmaxNativeAdLayoutFactory.h; sourceTree = "<group>"; };
		9A0B1B5126FEF1F5004228FA /* VMaxCache.h */ = {isa = PBXFileReference; fileEncoding = 4; lastKnownFileType = sourcecode.c.h; path = VMaxCache.h; sourceTree = "<group>"; };
		9A0B1B5226FEF1F5004228FA /* VMaxAdSDK.h */ = {isa = PBXFileReference; fileEncoding = 4; lastKnownFileType = sourcecode.c.h; path = VMaxAdSDK.h; sourceTree = "<group>"; };
		9A0B1B5326FEF1F5004228FA /* VMaxEventTracker.h */ = {isa = PBXFileReference; fileEncoding = 4; lastKnownFileType = sourcecode.c.h; path = VMaxEventTracker.h; sourceTree = "<group>"; };
		9A0B1B5426FEF1F5004228FA /* VMaxAdDelegate.h */ = {isa = PBXFileReference; fileEncoding = 4; lastKnownFileType = sourcecode.c.h; path = VMaxAdDelegate.h; sourceTree = "<group>"; };
		9A0B1B5526FEF1F5004228FA /* VMaxAdView.h */ = {isa = PBXFileReference; fileEncoding = 4; lastKnownFileType = sourcecode.c.h; path = VMaxAdView.h; sourceTree = "<group>"; };
		9A0B1B5626FEF1F5004228FA /* VMaxAdBreakEvents.h */ = {isa = PBXFileReference; fileEncoding = 4; lastKnownFileType = sourcecode.c.h; path = VMaxAdBreakEvents.h; sourceTree = "<group>"; };
		9A0B1B5726FEF1F5004228FA /* VMaxRequest.h */ = {isa = PBXFileReference; fileEncoding = 4; lastKnownFileType = sourcecode.c.h; path = VMaxRequest.h; sourceTree = "<group>"; };
		9A0B1B5826FEF1F5004228FA /* VMaxAdSettings.h */ = {isa = PBXFileReference; fileEncoding = 4; lastKnownFileType = sourcecode.c.h; path = VMaxAdSettings.h; sourceTree = "<group>"; };
		9A0B1B5926FEF1F5004228FA /* VMaxOrganicRequest.h */ = {isa = PBXFileReference; fileEncoding = 4; lastKnownFileType = sourcecode.c.h; path = VMaxOrganicRequest.h; sourceTree = "<group>"; };
		9A0B1B5A26FEF1F5004228FA /* VMaxViewabilityAd.h */ = {isa = PBXFileReference; fileEncoding = 4; lastKnownFileType = sourcecode.c.h; path = VMaxViewabilityAd.h; sourceTree = "<group>"; };
		9A0B1B5B26FEF1F6004228FA /* VmaxOperationMediator.h */ = {isa = PBXFileReference; fileEncoding = 4; lastKnownFileType = sourcecode.c.h; path = VmaxOperationMediator.h; sourceTree = "<group>"; };
		9A0B1B5C26FEF1F6004228FA /* VmaxAdTemplateListener.h */ = {isa = PBXFileReference; fileEncoding = 4; lastKnownFileType = sourcecode.c.h; path = VmaxAdTemplateListener.h; sourceTree = "<group>"; };
		9A0B1B5D26FEF1F6004228FA /* VMaxAdError.h */ = {isa = PBXFileReference; fileEncoding = 4; lastKnownFileType = sourcecode.c.h; path = VMaxAdError.h; sourceTree = "<group>"; };
		9A0B1B5E26FEF1F6004228FA /* VMaxMediaView.h */ = {isa = PBXFileReference; fileEncoding = 4; lastKnownFileType = sourcecode.c.h; path = VMaxMediaView.h; sourceTree = "<group>"; };
		9A0B1B5F26FEF1F6004228FA /* module.modulemap */ = {isa = PBXFileReference; fileEncoding = 4; lastKnownFileType = "sourcecode.module-map"; path = module.modulemap; sourceTree = "<group>"; };
		9A0B1B6026FEF1F6004228FA /* VmaxAdSpot.h */ = {isa = PBXFileReference; fileEncoding = 4; lastKnownFileType = sourcecode.c.h; path = VmaxAdSpot.h; sourceTree = "<group>"; };
		9A0B1B6126FEF1F6004228FA /* VMaxAdMetaData.h */ = {isa = PBXFileReference; fileEncoding = 4; lastKnownFileType = sourcecode.c.h; path = VMaxAdMetaData.h; sourceTree = "<group>"; };
		9A0B1B6226FEF1F6004228FA /* ICompanionEventsReceiver.h */ = {isa = PBXFileReference; fileEncoding = 4; lastKnownFileType = sourcecode.c.h; path = ICompanionEventsReceiver.h; sourceTree = "<group>"; };
		9A0B1B6326FEF1F6004228FA /* VMaxAdEvent.h */ = {isa = PBXFileReference; fileEncoding = 4; lastKnownFileType = sourcecode.c.h; path = VMaxAdEvent.h; sourceTree = "<group>"; };
		9A0B1B6426FEF1F6004228FA /* VMaxCompanionDelegate.h */ = {isa = PBXFileReference; fileEncoding = 4; lastKnownFileType = sourcecode.c.h; path = VMaxCompanionDelegate.h; sourceTree = "<group>"; };
		9A0B1B6526FEF1F6004228FA /* VmaxTracker.h */ = {isa = PBXFileReference; fileEncoding = 4; lastKnownFileType = sourcecode.c.h; path = VmaxTracker.h; sourceTree = "<group>"; };
		9A0B1B6626FEF1F6004228FA /* CompanionInfo.h */ = {isa = PBXFileReference; fileEncoding = 4; lastKnownFileType = sourcecode.c.h; path = CompanionInfo.h; sourceTree = "<group>"; };
		9A0B1B6726FEF1F6004228FA /* libVMaxAdSDK.a */ = {isa = PBXFileReference; lastKnownFileType = archive.ar; path = libVMaxAdSDK.a; sourceTree = "<group>"; };
		9A93BB7424E42C70009E394E /* VMaxAdsSDK.framework */ = {isa = PBXFileReference; explicitFileType = wrapper.framework; includeInIndex = 0; path = VMaxAdsSDK.framework; sourceTree = BUILT_PRODUCTS_DIR; };
		9A93BB7724E42C70009E394E /* VMaxAdsSDK.h */ = {isa = PBXFileReference; lastKnownFileType = sourcecode.c.h; path = VMaxAdsSDK.h; sourceTree = "<group>"; };
		9A93BB7824E42C70009E394E /* Info.plist */ = {isa = PBXFileReference; lastKnownFileType = text.plist.xml; path = Info.plist; sourceTree = "<group>"; };
/* End PBXFileReference section */

/* Begin PBXFrameworksBuildPhase section */
		9A93BB7124E42C70009E394E /* Frameworks */ = {
			isa = PBXFrameworksBuildPhase;
			buildActionMask = 2147483647;
			files = (
				9A0B1B9526FEF1F6004228FA /* libVMaxAdSDK.a in Frameworks */,
			);
			runOnlyForDeploymentPostprocessing = 0;
		};
/* End PBXFrameworksBuildPhase section */

/* Begin PBXGroup section */
		9A0B1B3526FEF1F5004228FA /* VMaxAdSDK */ = {
			isa = PBXGroup;
			children = (
				9A0B1B3626FEF1F5004228FA /* VMaxAdSDKResources.bundle */,
				9A0B1B3726FEF1F5004228FA /* lib */,
			);
			path = VMaxAdSDK;
			sourceTree = "<group>";
		};
		9A0B1B3726FEF1F5004228FA /* lib */ = {
			isa = PBXGroup;
			children = (
				9A0B1B3826FEF1F5004228FA /* include */,
				9A0B1B6726FEF1F6004228FA /* libVMaxAdSDK.a */,
			);
			path = lib;
			sourceTree = "<group>";
		};
		9A0B1B3826FEF1F5004228FA /* include */ = {
			isa = PBXGroup;
			children = (
				9A0B1B3926FEF1F5004228FA /* VMaxAdSDK */,
			);
			path = include;
			sourceTree = "<group>";
		};
		9A0B1B3926FEF1F5004228FA /* VMaxAdSDK */ = {
			isa = PBXGroup;
			children = (
				9A0B1B3A26FEF1F5004228FA /* VMaxAdBreak.h */,
				9A0B1B3B26FEF1F5004228FA /* VmaxAdFactory.h */,
				9A0B1B3C26FEF1F5004228FA /* VMaxAdInfo.h */,
				9A0B1B3D26FEF1F5004228FA /* VMaxAdTracker.h */,
				9A0B1B3E26FEF1F5004228FA /* VMaxVideoAd.h */,
				9A0B1B3F26FEF1F5004228FA /* VMaxViewabilityTracker.h */,
				9A0B1B4026FEF1F5004228FA /* VMaxAdEvents.h */,
				9A0B1B4126FEF1F5004228FA /* VMaxAdPartner.h */,
				9A0B1B4226FEF1F5004228FA /* VMaxNativeAd.h */,
				9A0B1B4326FEF1F5004228FA /* VMaxAdCustomizer.h */,
				9A0B1B4426FEF1F5004228FA /* VMAXPageCategory.h */,
				9A0B1B4526FEF1F5004228FA /* VMAXSectionCategory.h */,
				9A0B1B4626FEF1F5004228FA /* VmaxRequestListener.h */,
				9A0B1B4726FEF1F5004228FA /* IOperationInterface.h */,
				9A0B1B4826FEF1F5004228FA /* VMaxError.h */,
				9A0B1B4926FEF1F5004228FA /* VmaxTrackerException.h */,
				9A0B1B4A26FEF1F5004228FA /* VMaxAd.h */,
				9A0B1B4B26FEF1F5004228FA /* IOperationEventReceiver.h */,
				9A0B1B4C26FEF1F5004228FA /* VMaxCustomAdListener.h */,
				9A0B1B4D26FEF1F5004228FA /* VMaxAdSDK-umbrella.h */,
				9A0B1B4E26FEF1F5004228FA /* VMaxCustomAd.h */,
				9A0B1B4F26FEF1F5004228FA /* VmaxDataListener.h */,
				9A0B1B5026FEF1F5004228FA /* VmaxNativeAdLayoutFactory.h */,
				9A0B1B5126FEF1F5004228FA /* VMaxCache.h */,
				9A0B1B5226FEF1F5004228FA /* VMaxAdSDK.h */,
				9A0B1B5326FEF1F5004228FA /* VMaxEventTracker.h */,
				9A0B1B5426FEF1F5004228FA /* VMaxAdDelegate.h */,
				9A0B1B5526FEF1F5004228FA /* VMaxAdView.h */,
				9A0B1B5626FEF1F5004228FA /* VMaxAdBreakEvents.h */,
				9A0B1B5726FEF1F5004228FA /* VMaxRequest.h */,
				9A0B1B5826FEF1F5004228FA /* VMaxAdSettings.h */,
				9A0B1B5926FEF1F5004228FA /* VMaxOrganicRequest.h */,
				9A0B1B5A26FEF1F5004228FA /* VMaxViewabilityAd.h */,
				9A0B1B5B26FEF1F6004228FA /* VmaxOperationMediator.h */,
				9A0B1B5C26FEF1F6004228FA /* VmaxAdTemplateListener.h */,
				9A0B1B5D26FEF1F6004228FA /* VMaxAdError.h */,
				9A0B1B5E26FEF1F6004228FA /* VMaxMediaView.h */,
				9A0B1B5F26FEF1F6004228FA /* module.modulemap */,
				9A0B1B6026FEF1F6004228FA /* VmaxAdSpot.h */,
				9A0B1B6126FEF1F6004228FA /* VMaxAdMetaData.h */,
				9A0B1B6226FEF1F6004228FA /* ICompanionEventsReceiver.h */,
				9A0B1B6326FEF1F6004228FA /* VMaxAdEvent.h */,
				9A0B1B6426FEF1F6004228FA /* VMaxCompanionDelegate.h */,
				9A0B1B6526FEF1F6004228FA /* VmaxTracker.h */,
				9A0B1B6626FEF1F6004228FA /* CompanionInfo.h */,
			);
			path = VMaxAdSDK;
			sourceTree = "<group>";
		};
		9A93BB6A24E42C70009E394E = {
			isa = PBXGroup;
			children = (
				9A93BB7624E42C70009E394E /* VMaxAdsSDK */,
				9A93BB7524E42C70009E394E /* Products */,
			);
			sourceTree = "<group>";
		};
		9A93BB7524E42C70009E394E /* Products */ = {
			isa = PBXGroup;
			children = (
				9A93BB7424E42C70009E394E /* VMaxAdsSDK.framework */,
			);
			name = Products;
			sourceTree = "<group>";
		};
		9A93BB7624E42C70009E394E /* VMaxAdsSDK */ = {
			isa = PBXGroup;
			children = (
				9A0B1B3526FEF1F5004228FA /* VMaxAdSDK */,
				9A93BB7724E42C70009E394E /* VMaxAdsSDK.h */,
				9A93BB7824E42C70009E394E /* Info.plist */,
			);
			path = VMaxAdsSDK;
			sourceTree = "<group>";
		};
/* End PBXGroup section */

/* Begin PBXHeadersBuildPhase section */
		9A93BB6F24E42C70009E394E /* Headers */ = {
			isa = PBXHeadersBuildPhase;
			buildActionMask = 2147483647;
			files = (
				9A0B1B7526FEF1F6004228FA /* VmaxRequestListener.h in Headers */,
				9A0B1B8C26FEF1F6004228FA /* VMaxAdError.h in Headers */,
				9A0B1B8026FEF1F6004228FA /* VMaxCache.h in Headers */,
				9A0B1B8826FEF1F6004228FA /* VMaxOrganicRequest.h in Headers */,
				9A0B1B8A26FEF1F6004228FA /* VmaxOperationMediator.h in Headers */,
				9A0B1B9426FEF1F6004228FA /* CompanionInfo.h in Headers */,
				9A0B1B8326FEF1F6004228FA /* VMaxAdDelegate.h in Headers */,
				9A0B1B7426FEF1F6004228FA /* VMAXSectionCategory.h in Headers */,
				9A0B1B7B26FEF1F6004228FA /* VMaxCustomAdListener.h in Headers */,
				9A0B1B9126FEF1F6004228FA /* VMaxAdEvent.h in Headers */,
				9A0B1B7C26FEF1F6004228FA /* VMaxAdSDK-umbrella.h in Headers */,
				9A0B1B8526FEF1F6004228FA /* VMaxAdBreakEvents.h in Headers */,
				9A0B1B6A26FEF1F6004228FA /* VmaxAdFactory.h in Headers */,
				9A0B1B8426FEF1F6004228FA /* VMaxAdView.h in Headers */,
				9A0B1B6D26FEF1F6004228FA /* VMaxVideoAd.h in Headers */,
				9A0B1B7826FEF1F6004228FA /* VmaxTrackerException.h in Headers */,
				9A0B1B8B26FEF1F6004228FA /* VmaxAdTemplateListener.h in Headers */,
				9A0B1B7926FEF1F6004228FA /* VMaxAd.h in Headers */,
				9A0B1B7626FEF1F6004228FA /* IOperationInterface.h in Headers */,
				9A0B1B6F26FEF1F6004228FA /* VMaxAdEvents.h in Headers */,
				9A93BB7924E42C70009E394E /* VMaxAdsSDK.h in Headers */,
				9A0B1B8226FEF1F6004228FA /* VMaxEventTracker.h in Headers */,
				9A0B1B8E26FEF1F6004228FA /* VmaxAdSpot.h in Headers */,
				9A0B1B7726FEF1F6004228FA /* VMaxError.h in Headers */,
				9A0B1B8626FEF1F6004228FA /* VMaxRequest.h in Headers */,
				9A0B1B9026FEF1F6004228FA /* ICompanionEventsReceiver.h in Headers */,
				9A0B1B7126FEF1F6004228FA /* VMaxNativeAd.h in Headers */,
				9A0B1B9226FEF1F6004228FA /* VMaxCompanionDelegate.h in Headers */,
				9A0B1B8F26FEF1F6004228FA /* VMaxAdMetaData.h in Headers */,
				9A0B1B7A26FEF1F6004228FA /* IOperationEventReceiver.h in Headers */,
				9A0B1B6926FEF1F6004228FA /* VMaxAdBreak.h in Headers */,
				9A0B1B8126FEF1F6004228FA /* VMaxAdSDK.h in Headers */,
				9A0B1B7F26FEF1F6004228FA /* VmaxNativeAdLayoutFactory.h in Headers */,
				9A0B1B7026FEF1F6004228FA /* VMaxAdPartner.h in Headers */,
				9A0B1B8726FEF1F6004228FA /* VMaxAdSettings.h in Headers */,
				9A0B1B7D26FEF1F6004228FA /* VMaxCustomAd.h in Headers */,
				9A0B1B8D26FEF1F6004228FA /* VMaxMediaView.h in Headers */,
				9A0B1B8926FEF1F6004228FA /* VMaxViewabilityAd.h in Headers */,
				9A0B1B7326FEF1F6004228FA /* VMAXPageCategory.h in Headers */,
				9A0B1B7E26FEF1F6004228FA /* VmaxDataListener.h in Headers */,
				9A0B1B6B26FEF1F6004228FA /* VMaxAdInfo.h in Headers */,
				9A0B1B6E26FEF1F6004228FA /* VMaxViewabilityTracker.h in Headers */,
				9A0B1B7226FEF1F6004228FA /* VMaxAdCustomizer.h in Headers */,
				9A0B1B6C26FEF1F6004228FA /* VMaxAdTracker.h in Headers */,
				9A0B1B9326FEF1F6004228FA /* VmaxTracker.h in Headers */,
			);
			runOnlyForDeploymentPostprocessing = 0;
		};
/* End PBXHeadersBuildPhase section */

/* Begin PBXNativeTarget section */
		9A93BB7324E42C70009E394E /* VMaxAdsSDK */ = {
			isa = PBXNativeTarget;
			buildConfigurationList = 9A93BB7C24E42C70009E394E /* Build configuration list for PBXNativeTarget "VMaxAdsSDK" */;
			buildPhases = (
				9A93BB6F24E42C70009E394E /* Headers */,
				9A93BB7024E42C70009E394E /* Sources */,
				9A93BB7124E42C70009E394E /* Frameworks */,
				9A93BB7224E42C70009E394E /* Resources */,
			);
			buildRules = (
			);
			dependencies = (
			);
			name = VMaxAdsSDK;
			productName = VMaxAdsSDK;
			productReference = 9A93BB7424E42C70009E394E /* VMaxAdsSDK.framework */;
			productType = "com.apple.product-type.framework";
		};
/* End PBXNativeTarget section */

/* Begin PBXProject section */
		9A93BB6B24E42C70009E394E /* Project object */ = {
			isa = PBXProject;
			attributes = {
				LastUpgradeCheck = 1200;
				ORGANIZATIONNAME = Cloy;
				TargetAttributes = {
					9A93BB7324E42C70009E394E = {
						CreatedOnToolsVersion = 11.5;
					};
				};
			};
			buildConfigurationList = 9A93BB6E24E42C70009E394E /* Build configuration list for PBXProject "VMaxAdsSDK" */;
			compatibilityVersion = "Xcode 9.3";
			developmentRegion = en;
			hasScannedForEncodings = 0;
			knownRegions = (
				en,
				Base,
			);
			mainGroup = 9A93BB6A24E42C70009E394E;
			productRefGroup = 9A93BB7524E42C70009E394E /* Products */;
			projectDirPath = "";
			projectRoot = "";
			targets = (
				9A93BB7324E42C70009E394E /* VMaxAdsSDK */,
			);
		};
/* End PBXProject section */

/* Begin PBXResourcesBuildPhase section */
		9A93BB7224E42C70009E394E /* Resources */ = {
			isa = PBXResourcesBuildPhase;
			buildActionMask = 2147483647;
			files = (
				9A0B1B6826FEF1F6004228FA /* VMaxAdSDKResources.bundle in Resources */,
			);
			runOnlyForDeploymentPostprocessing = 0;
		};
/* End PBXResourcesBuildPhase section */

/* Begin PBXSourcesBuildPhase section */
		9A93BB7024E42C70009E394E /* Sources */ = {
			isa = PBXSourcesBuildPhase;
			buildActionMask = 2147483647;
			files = (
			);
			runOnlyForDeploymentPostprocessing = 0;
		};
/* End PBXSourcesBuildPhase section */

/* Begin XCBuildConfiguration section */
		9A93BB7A24E42C70009E394E /* Debug */ = {
			isa = XCBuildConfiguration;
			buildSettings = {
				ALWAYS_SEARCH_USER_PATHS = NO;
				CLANG_ANALYZER_NONNULL = YES;
				CLANG_ANALYZER_NUMBER_OBJECT_CONVERSION = YES_AGGRESSIVE;
				CLANG_CXX_LANGUAGE_STANDARD = "gnu++14";
				CLANG_CXX_LIBRARY = "libc++";
				CLANG_ENABLE_MODULES = YES;
				CLANG_ENABLE_OBJC_ARC = YES;
				CLANG_ENABLE_OBJC_WEAK = YES;
				CLANG_WARN_BLOCK_CAPTURE_AUTORELEASING = YES;
				CLANG_WARN_BOOL_CONVERSION = YES;
				CLANG_WARN_COMMA = YES;
				CLANG_WARN_CONSTANT_CONVERSION = YES;
				CLANG_WARN_DEPRECATED_OBJC_IMPLEMENTATIONS = YES;
				CLANG_WARN_DIRECT_OBJC_ISA_USAGE = YES_ERROR;
				CLANG_WARN_DOCUMENTATION_COMMENTS = YES;
				CLANG_WARN_EMPTY_BODY = YES;
				CLANG_WARN_ENUM_CONVERSION = YES;
				CLANG_WARN_INFINITE_RECURSION = YES;
				CLANG_WARN_INT_CONVERSION = YES;
				CLANG_WARN_NON_LITERAL_NULL_CONVERSION = YES;
				CLANG_WARN_OBJC_IMPLICIT_RETAIN_SELF = YES;
				CLANG_WARN_OBJC_LITERAL_CONVERSION = YES;
				CLANG_WARN_OBJC_ROOT_CLASS = YES_ERROR;
				CLANG_WARN_QUOTED_INCLUDE_IN_FRAMEWORK_HEADER = YES;
				CLANG_WARN_RANGE_LOOP_ANALYSIS = YES;
				CLANG_WARN_STRICT_PROTOTYPES = YES;
				CLANG_WARN_SUSPICIOUS_MOVE = YES;
				CLANG_WARN_UNGUARDED_AVAILABILITY = YES_AGGRESSIVE;
				CLANG_WARN_UNREACHABLE_CODE = YES;
				CLANG_WARN__DUPLICATE_METHOD_MATCH = YES;
				COPY_PHASE_STRIP = NO;
				CURRENT_PROJECT_VERSION = 1;
				DEBUG_INFORMATION_FORMAT = dwarf;
				ENABLE_STRICT_OBJC_MSGSEND = YES;
				ENABLE_TESTABILITY = YES;
				GCC_C_LANGUAGE_STANDARD = gnu11;
				GCC_DYNAMIC_NO_PIC = NO;
				GCC_NO_COMMON_BLOCKS = YES;
				GCC_OPTIMIZATION_LEVEL = 0;
				GCC_PREPROCESSOR_DEFINITIONS = (
					"DEBUG=1",
					"$(inherited)",
				);
				GCC_WARN_64_TO_32_BIT_CONVERSION = YES;
				GCC_WARN_ABOUT_RETURN_TYPE = YES_ERROR;
				GCC_WARN_UNDECLARED_SELECTOR = YES;
				GCC_WARN_UNINITIALIZED_AUTOS = YES_AGGRESSIVE;
				GCC_WARN_UNUSED_FUNCTION = YES;
				GCC_WARN_UNUSED_VARIABLE = YES;
				IPHONEOS_DEPLOYMENT_TARGET = 10.0;
				MTL_ENABLE_DEBUG_INFO = INCLUDE_SOURCE;
				MTL_FAST_MATH = YES;
				ONLY_ACTIVE_ARCH = YES;
				OTHER_CFLAGS = "-fembed-bitcode-marker";
				OTHER_CPLUSPLUSFLAGS = "-fembed-bitcode-marker";
				OTHER_LDFLAGS = (
					"-fobjc-arc",
					"-lstdc++",
					"-lxml2",
					"-ObjC",
				);
				SDKROOT = iphoneos;
				SKIP_INSTALL = YES;
				VERSIONING_SYSTEM = "apple-generic";
				VERSION_INFO_PREFIX = "";
			};
			name = Debug;
		};
		9A93BB7B24E42C70009E394E /* Release */ = {
			isa = XCBuildConfiguration;
			buildSettings = {
				ALWAYS_SEARCH_USER_PATHS = NO;
				CLANG_ANALYZER_NONNULL = YES;
				CLANG_ANALYZER_NUMBER_OBJECT_CONVERSION = YES_AGGRESSIVE;
				CLANG_CXX_LANGUAGE_STANDARD = "gnu++14";
				CLANG_CXX_LIBRARY = "libc++";
				CLANG_ENABLE_MODULES = YES;
				CLANG_ENABLE_OBJC_ARC = YES;
				CLANG_ENABLE_OBJC_WEAK = YES;
				CLANG_WARN_BLOCK_CAPTURE_AUTORELEASING = YES;
				CLANG_WARN_BOOL_CONVERSION = YES;
				CLANG_WARN_COMMA = YES;
				CLANG_WARN_CONSTANT_CONVERSION = YES;
				CLANG_WARN_DEPRECATED_OBJC_IMPLEMENTATIONS = YES;
				CLANG_WARN_DIRECT_OBJC_ISA_USAGE = YES_ERROR;
				CLANG_WARN_DOCUMENTATION_COMMENTS = YES;
				CLANG_WARN_EMPTY_BODY = YES;
				CLANG_WARN_ENUM_CONVERSION = YES;
				CLANG_WARN_INFINITE_RECURSION = YES;
				CLANG_WARN_INT_CONVERSION = YES;
				CLANG_WARN_NON_LITERAL_NULL_CONVERSION = YES;
				CLANG_WARN_OBJC_IMPLICIT_RETAIN_SELF = YES;
				CLANG_WARN_OBJC_LITERAL_CONVERSION = YES;
				CLANG_WARN_OBJC_ROOT_CLASS = YES_ERROR;
				CLANG_WARN_QUOTED_INCLUDE_IN_FRAMEWORK_HEADER = YES;
				CLANG_WARN_RANGE_LOOP_ANALYSIS = YES;
				CLANG_WARN_STRICT_PROTOTYPES = YES;
				CLANG_WARN_SUSPICIOUS_MOVE = YES;
				CLANG_WARN_UNGUARDED_AVAILABILITY = YES_AGGRESSIVE;
				CLANG_WARN_UNREACHABLE_CODE = YES;
				CLANG_WARN__DUPLICATE_METHOD_MATCH = YES;
				COPY_PHASE_STRIP = NO;
				CURRENT_PROJECT_VERSION = 1;
				DEBUG_INFORMATION_FORMAT = "dwarf-with-dsym";
				ENABLE_NS_ASSERTIONS = NO;
				ENABLE_STRICT_OBJC_MSGSEND = YES;
				GCC_C_LANGUAGE_STANDARD = gnu11;
				GCC_NO_COMMON_BLOCKS = YES;
				GCC_WARN_64_TO_32_BIT_CONVERSION = YES;
				GCC_WARN_ABOUT_RETURN_TYPE = YES_ERROR;
				GCC_WARN_UNDECLARED_SELECTOR = YES;
				GCC_WARN_UNINITIALIZED_AUTOS = YES_AGGRESSIVE;
				GCC_WARN_UNUSED_FUNCTION = YES;
				GCC_WARN_UNUSED_VARIABLE = YES;
				IPHONEOS_DEPLOYMENT_TARGET = 10.0;
				MTL_ENABLE_DEBUG_INFO = NO;
				MTL_FAST_MATH = YES;
				ONLY_ACTIVE_ARCH = YES;
				OTHER_CFLAGS = "-fembed-bitcode";
				OTHER_CPLUSPLUSFLAGS = "-fembed-bitcode";
				OTHER_LDFLAGS = (
					"-fobjc-arc",
					"-lstdc++",
					"-lxml2",
					"-ObjC",
				);
				SDKROOT = iphoneos;
				SKIP_INSTALL = YES;
				VALIDATE_PRODUCT = YES;
				VERSIONING_SYSTEM = "apple-generic";
				VERSION_INFO_PREFIX = "";
			};
			name = Release;
		};
		9A93BB7D24E42C70009E394E /* Debug */ = {
			isa = XCBuildConfiguration;
			buildSettings = {
				BITCODE_GENERATION_MODE = bitcode;
				CODE_SIGN_STYLE = Automatic;
				DEFINES_MODULE = YES;
				DYLIB_COMPATIBILITY_VERSION = 1;
				DYLIB_CURRENT_VERSION = 1;
				DYLIB_INSTALL_NAME_BASE = "@rpath";
				INFOPLIST_FILE = VMaxAdsSDK/Info.plist;
				INSTALL_PATH = "$(LOCAL_LIBRARY_DIR)/Frameworks";
				LD_RUNPATH_SEARCH_PATHS = (
					"$(inherited)",
					"@executable_path/Frameworks",
					"@loader_path/Frameworks",
				);
				LIBRARY_SEARCH_PATHS = (
					"$(inherited)",
					"$(PROJECT_DIR)/VMaxAdSDK/lib",
					"$(PROJECT_DIR)/VMaxAdsSDK/VMaxAdSDK/lib",
				);
				PRODUCT_BUNDLE_IDENTIFIER = com.ios.VMaxAdsSDK;
				PRODUCT_NAME = "$(TARGET_NAME:c99extidentifier)";
				SKIP_INSTALL = YES;
				TARGETED_DEVICE_FAMILY = "1,2";
			};
			name = Debug;
		};
		9A93BB7E24E42C70009E394E /* Release */ = {
			isa = XCBuildConfiguration;
			buildSettings = {
				BITCODE_GENERATION_MODE = bitcode;
				CODE_SIGN_STYLE = Automatic;
				DEFINES_MODULE = YES;
				DYLIB_COMPATIBILITY_VERSION = 1;
				DYLIB_CURRENT_VERSION = 1;
				DYLIB_INSTALL_NAME_BASE = "@rpath";
				INFOPLIST_FILE = VMaxAdsSDK/Info.plist;
				INSTALL_PATH = "$(LOCAL_LIBRARY_DIR)/Frameworks";
				LD_RUNPATH_SEARCH_PATHS = (
					"$(inherited)",
					"@executable_path/Frameworks",
					"@loader_path/Frameworks",
				);
				LIBRARY_SEARCH_PATHS = (
					"$(inherited)",
					"$(PROJECT_DIR)/VMaxAdSDK/lib",
					"$(PROJECT_DIR)/VMaxAdsSDK/VMaxAdSDK/lib",
				);
				PRODUCT_BUNDLE_IDENTIFIER = com.ios.VMaxAdsSDK;
				PRODUCT_NAME = "$(TARGET_NAME:c99extidentifier)";
				SKIP_INSTALL = YES;
				TARGETED_DEVICE_FAMILY = "1,2";
			};
			name = Release;
		};
/* End XCBuildConfiguration section */

/* Begin XCConfigurationList section */
		9A93BB6E24E42C70009E394E /* Build configuration list for PBXProject "VMaxAdsSDK" */ = {
			isa = XCConfigurationList;
			buildConfigurations = (
				9A93BB7A24E42C70009E394E /* Debug */,
				9A93BB7B24E42C70009E394E /* Release */,
			);
			defaultConfigurationIsVisible = 0;
			defaultConfigurationName = Release;
		};
		9A93BB7C24E42C70009E394E /* Build configuration list for PBXNativeTarget "VMaxAdsSDK" */ = {
			isa = XCConfigurationList;
			buildConfigurations = (
				9A93BB7D24E42C70009E394E /* Debug */,
				9A93BB7E24E42C70009E394E /* Release */,
			);
			defaultConfigurationIsVisible = 0;
			defaultConfigurationName = Release;
		};
/* End XCConfigurationList section */
	};
	rootObject = 9A93BB6B24E42C70009E394E /* Project object */;
}
